{
  "originHash" : "d92953b6005a7f7f415490117d50350fa585f467d4b67c3ad46a892a13c785ea",
  "pins" : [
    {
      "identity" : "brivo-mobile-sdk-ios",
      "kind" : "remoteSourceControl",
      "location" : "https://github.com/brivo-mobile-team/brivo-mobile-sdk-ios.git",
      "state" : {
        "revision" : "7c2b9a06441b906bc6d27dfb27d0c4fe06756e1b",
        "version" : "3.2.0"
      }
    }
  ],
  "version" : 3
}
