{
  "originHash" : "8f83e18c0da4ddb7c3e8dccc7845a491f4b5396aa0dcf8cb3a4555640f5e9452",
  "pins" : [
    {
      "identity" : "brivo-mobile-sdk-ios",
      "kind" : "remoteSourceControl",
      "location" : "https://github.com/brivo-mobile-team/brivo-mobile-sdk-ios",
      "state" : {
        "revision" : "1cf1628ad9b2b783afcc89b55d879b2403c38907",
        "version" : "2.6.3"
      }
    }
  ],
  "version" : 3
}
