{
  "originHash" : "d92953b6005a7f7f415490117d50350fa585f467d4b67c3ad46a892a13c785ea",
  "pins" : [
    {
      "identity" : "brivo-mobile-sdk-ios",
      "kind" : "remoteSourceControl",
      "location" : "https://github.com/brivo-mobile-team/brivo-mobile-sdk-ios.git",
      "state" : {
        "revision" : "788a93629cc3d17ca155c2259fb3e6c28a868666",
        "version" : "3.1.0"
      }
    }
  ],
  "version" : 3
}
