// !$*UTF8*$!
{
	archiveVersion = 1;
	classes = {
	};
	objectVersion = 56;
	objects = {

/* Begin PBXBuildFile section */
		2F6E77282C3FD9A1001B37DC /* FirebaseCrashlytics in Frameworks */ = {isa = PBXBuildFile; productRef = 2F6E77272C3FD9A1001B37DC /* FirebaseCrashlytics */; };
		2F6E772A2C3FD9A6001B37DC /* FirebaseAnalytics in Frameworks */ = {isa = PBXBuildFile; productRef = 2F6E77292C3FD9A6001B37DC /* FirebaseAnalytics */; };
		AF03326F2C4E7CD3003B28B6 /* FirebaseAnalyticsOnDeviceConversion in Frameworks */ = {isa = PBXBuildFile; productRef = AF03326E2C4E7CD3003B28B6 /* FirebaseAnalyticsOnDeviceConversion */; };
		AF0332712C4E7CD3003B28B6 /* FirebaseAnalyticsSwift in Frameworks */ = {isa = PBXBuildFile; productRef = AF0332702C4E7CD3003B28B6 /* FirebaseAnalyticsSwift */; };
		AF0332732C4E7CD3003B28B6 /* FirebaseAnalyticsWithoutAdIdSupport in Frameworks */ = {isa = PBXBuildFile; productRef = AF0332722C4E7CD3003B28B6 /* FirebaseAnalyticsWithoutAdIdSupport */; };
		AF0332752C4E7CD3003B28B6 /* FirebaseAppCheck in Frameworks */ = {isa = PBXBuildFile; productRef = AF0332742C4E7CD3003B28B6 /* FirebaseAppCheck */; };
		AF0332772C4E7CD3003B28B6 /* FirebaseAppDistribution-Beta in Frameworks */ = {isa = PBXBuildFile; productRef = AF0332762C4E7CD3003B28B6 /* FirebaseAppDistribution-Beta */; };
		AF0332792C4E7CD3003B28B6 /* FirebaseAuth in Frameworks */ = {isa = PBXBuildFile; productRef = AF0332782C4E7CD3003B28B6 /* FirebaseAuth */; };
		AF03327B2C4E7CD3003B28B6 /* FirebaseAuthCombine-Community in Frameworks */ = {isa = PBXBuildFile; productRef = AF03327A2C4E7CD3003B28B6 /* FirebaseAuthCombine-Community */; };
		AF03327D2C4E7CD3003B28B6 /* FirebaseDatabase in Frameworks */ = {isa = PBXBuildFile; productRef = AF03327C2C4E7CD3003B28B6 /* FirebaseDatabase */; };
		AF03327F2C4E7CD3003B28B6 /* FirebaseDatabaseSwift in Frameworks */ = {isa = PBXBuildFile; productRef = AF03327E2C4E7CD3003B28B6 /* FirebaseDatabaseSwift */; };
		AF0332812C4E7CD3003B28B6 /* FirebaseDynamicLinks in Frameworks */ = {isa = PBXBuildFile; productRef = AF0332802C4E7CD3003B28B6 /* FirebaseDynamicLinks */; };
		AF0332832C4E7CD3003B28B6 /* FirebaseFirestore in Frameworks */ = {isa = PBXBuildFile; productRef = AF0332822C4E7CD3003B28B6 /* FirebaseFirestore */; };
		AF0332852C4E7CD3003B28B6 /* FirebaseFirestoreCombine-Community in Frameworks */ = {isa = PBXBuildFile; productRef = AF0332842C4E7CD3003B28B6 /* FirebaseFirestoreCombine-Community */; };
		AF0332872C4E7CD3003B28B6 /* FirebaseFirestoreSwift in Frameworks */ = {isa = PBXBuildFile; productRef = AF0332862C4E7CD3003B28B6 /* FirebaseFirestoreSwift */; };
		AF0332892C4E7CD3003B28B6 /* FirebaseFunctions in Frameworks */ = {isa = PBXBuildFile; productRef = AF0332882C4E7CD3003B28B6 /* FirebaseFunctions */; };
		AF03328B2C4E7CD3003B28B6 /* FirebaseFunctionsCombine-Community in Frameworks */ = {isa = PBXBuildFile; productRef = AF03328A2C4E7CD3003B28B6 /* FirebaseFunctionsCombine-Community */; };
		AF03328D2C4E7CD3003B28B6 /* FirebaseInAppMessaging-Beta in Frameworks */ = {isa = PBXBuildFile; productRef = AF03328C2C4E7CD3003B28B6 /* FirebaseInAppMessaging-Beta */; };
		AF03328F2C4E7CD3003B28B6 /* FirebaseInAppMessagingSwift-Beta in Frameworks */ = {isa = PBXBuildFile; productRef = AF03328E2C4E7CD3003B28B6 /* FirebaseInAppMessagingSwift-Beta */; };
		AF0332912C4E7CD3003B28B6 /* FirebaseInstallations in Frameworks */ = {isa = PBXBuildFile; productRef = AF0332902C4E7CD3003B28B6 /* FirebaseInstallations */; };
		AF0332932C4E7CD3003B28B6 /* FirebaseMLModelDownloader in Frameworks */ = {isa = PBXBuildFile; productRef = AF0332922C4E7CD3003B28B6 /* FirebaseMLModelDownloader */; };
		AF0332952C4E7CD3003B28B6 /* FirebaseMessaging in Frameworks */ = {isa = PBXBuildFile; productRef = AF0332942C4E7CD3003B28B6 /* FirebaseMessaging */; };
		AF0332972C4E7CD3003B28B6 /* FirebasePerformance in Frameworks */ = {isa = PBXBuildFile; productRef = AF0332962C4E7CD3003B28B6 /* FirebasePerformance */; };
		AF0332992C4E7CD3003B28B6 /* FirebaseRemoteConfig in Frameworks */ = {isa = PBXBuildFile; productRef = AF0332982C4E7CD3003B28B6 /* FirebaseRemoteConfig */; };
		AF03329B2C4E7CD3003B28B6 /* FirebaseRemoteConfigSwift in Frameworks */ = {isa = PBXBuildFile; productRef = AF03329A2C4E7CD3003B28B6 /* FirebaseRemoteConfigSwift */; };
		AF03329D2C4E7CD3003B28B6 /* FirebaseStorage in Frameworks */ = {isa = PBXBuildFile; productRef = AF03329C2C4E7CD3003B28B6 /* FirebaseStorage */; };
		AF03329F2C4E7CD3003B28B6 /* FirebaseStorageCombine-Community in Frameworks */ = {isa = PBXBuildFile; productRef = AF03329E2C4E7CD3003B28B6 /* FirebaseStorageCombine-Community */; };
		AF0332A12C4E7CD3003B28B6 /* FirebaseVertexAI-Preview in Frameworks */ = {isa = PBXBuildFile; productRef = AF0332A02C4E7CD3003B28B6 /* FirebaseVertexAI-Preview */; };
		AF0332A82C4FD644003B28B6 /* GoogleService-Info.plist in Resources */ = {isa = PBXBuildFile; fileRef = AF0332A72C4FD644003B28B6 /* GoogleService-Info.plist */; };
		AF370CEA2C3D002700CF432A /* BrivoMobileSDK in Frameworks */ = {isa = PBXBuildFile; productRef = AF370CE92C3D002700CF432A /* BrivoMobileSDK */; };
		AFAC9D152C480DA200D15699 /* BrivoSampleAppUITests.swift in Sources */ = {isa = PBXBuildFile; fileRef = AFAC9D142C480DA200D15699 /* BrivoSampleAppUITests.swift */; };
		AFAC9D172C480DA200D15699 /* BrivoSampleAppUITestsLaunchTests.swift in Sources */ = {isa = PBXBuildFile; fileRef = AFAC9D162C480DA200D15699 /* BrivoSampleAppUITestsLaunchTests.swift */; };
		AFAC9D872C4810DD00D15699 /* BaseScreen.swift in Sources */ = {isa = PBXBuildFile; fileRef = AFAC9D612C4810DC00D15699 /* BaseScreen.swift */; };
		AFAC9D922C4810DD00D15699 /* AutomationTestsConfiguration.swift in Sources */ = {isa = PBXBuildFile; fileRef = AFAC9D6D2C4810DC00D15699 /* AutomationTestsConfiguration.swift */; };
		AFAC9D932C4810DD00D15699 /* XCUIElement+.swift in Sources */ = {isa = PBXBuildFile; fileRef = AFAC9D6F2C4810DC00D15699 /* XCUIElement+.swift */; };
		AFAC9D942C4810DD00D15699 /* WaitUtilities.swift in Sources */ = {isa = PBXBuildFile; fileRef = AFAC9D712C4810DC00D15699 /* WaitUtilities.swift */; };
		AFAC9D962C4810DD00D15699 /* BaseTest.swift in Sources */ = {isa = PBXBuildFile; fileRef = AFAC9D752C4810DC00D15699 /* BaseTest.swift */; };
		AFAC9DA62C4812F000D15699 /* BrivoSampleAppUnitTests.swift in Sources */ = {isa = PBXBuildFile; fileRef = AFAC9DA52C4812F000D15699 /* BrivoSampleAppUnitTests.swift */; };
		E09E3DCA2BA1F50000B2F901 /* BrivoSampleAppApp.swift in Sources */ = {isa = PBXBuildFile; fileRef = E09E3DC92BA1F50000B2F901 /* BrivoSampleAppApp.swift */; };
		E09E3DCC2BA1F50000B2F901 /* BrivoPassesView.swift in Sources */ = {isa = PBXBuildFile; fileRef = E09E3DCB2BA1F50000B2F901 /* BrivoPassesView.swift */; };
		E09E3DCE2BA1F50100B2F901 /* Assets.xcassets in Resources */ = {isa = PBXBuildFile; fileRef = E09E3DCD2BA1F50100B2F901 /* Assets.xcassets */; };
		E09E3DD12BA1F50100B2F901 /* Preview Assets.xcassets in Resources */ = {isa = PBXBuildFile; fileRef = E09E3DD02BA1F50100B2F901 /* Preview Assets.xcassets */; };
		E09E3DDE2BA21E2900B2F901 /* Constants.swift in Sources */ = {isa = PBXBuildFile; fileRef = E09E3DDD2BA21E2900B2F901 /* Constants.swift */; };
		E09E3DE02BA2361900B2F901 /* UnlockAccessPointView.swift in Sources */ = {isa = PBXBuildFile; fileRef = E09E3DDF2BA2361900B2F901 /* UnlockAccessPointView.swift */; };
		E09E3DF22BA35FF100B2F901 /* AccessPointView.swift in Sources */ = {isa = PBXBuildFile; fileRef = E09E3DF12BA35FF100B2F901 /* AccessPointView.swift */; };
/* End PBXBuildFile section */

/* Begin PBXContainerItemProxy section */
		AFAC9D182C480DA200D15699 /* PBXContainerItemProxy */ = {
			isa = PBXContainerItemProxy;
			containerPortal = E09E3DBE2BA1F50000B2F901 /* Project object */;
			proxyType = 1;
			remoteGlobalIDString = E09E3DC52BA1F50000B2F901;
			remoteInfo = BrivoSampleApp;
		};
		AFAC9DA72C4812F000D15699 /* PBXContainerItemProxy */ = {
			isa = PBXContainerItemProxy;
			containerPortal = E09E3DBE2BA1F50000B2F901 /* Project object */;
			proxyType = 1;
			remoteGlobalIDString = E09E3DC52BA1F50000B2F901;
			remoteInfo = BrivoSampleApp;
		};
/* End PBXContainerItemProxy section */

/* Begin PBXFileReference section */
		AF0332A72C4FD644003B28B6 /* GoogleService-Info.plist */ = {isa = PBXFileReference; fileEncoding = 4; lastKnownFileType = text.plist.xml; path = "GoogleService-Info.plist"; sourceTree = "<group>"; };
		AF0332A92C4FD758003B28B6 /* BrivoSampleApp.entitlements */ = {isa = PBXFileReference; lastKnownFileType = text.plist.entitlements; path = BrivoSampleApp.entitlements; sourceTree = "<group>"; };
		AFAC9D122C480DA200D15699 /* BrivoSampleAppUITests.xctest */ = {isa = PBXFileReference; explicitFileType = wrapper.cfbundle; includeInIndex = 0; path = BrivoSampleAppUITests.xctest; sourceTree = BUILT_PRODUCTS_DIR; };
		AFAC9D142C480DA200D15699 /* BrivoSampleAppUITests.swift */ = {isa = PBXFileReference; lastKnownFileType = sourcecode.swift; path = BrivoSampleAppUITests.swift; sourceTree = "<group>"; };
		AFAC9D162C480DA200D15699 /* BrivoSampleAppUITestsLaunchTests.swift */ = {isa = PBXFileReference; lastKnownFileType = sourcecode.swift; path = BrivoSampleAppUITestsLaunchTests.swift; sourceTree = "<group>"; };
		AFAC9D612C4810DC00D15699 /* BaseScreen.swift */ = {isa = PBXFileReference; fileEncoding = 4; lastKnownFileType = sourcecode.swift; path = BaseScreen.swift; sourceTree = "<group>"; };
		AFAC9D6D2C4810DC00D15699 /* AutomationTestsConfiguration.swift */ = {isa = PBXFileReference; fileEncoding = 4; lastKnownFileType = sourcecode.swift; path = AutomationTestsConfiguration.swift; sourceTree = "<group>"; };
		AFAC9D6F2C4810DC00D15699 /* XCUIElement+.swift */ = {isa = PBXFileReference; fileEncoding = 4; lastKnownFileType = sourcecode.swift; path = "XCUIElement+.swift"; sourceTree = "<group>"; };
		AFAC9D712C4810DC00D15699 /* WaitUtilities.swift */ = {isa = PBXFileReference; fileEncoding = 4; lastKnownFileType = sourcecode.swift; path = WaitUtilities.swift; sourceTree = "<group>"; };
		AFAC9D752C4810DC00D15699 /* BaseTest.swift */ = {isa = PBXFileReference; fileEncoding = 4; lastKnownFileType = sourcecode.swift; path = BaseTest.swift; sourceTree = "<group>"; };
		AFAC9DA32C4812F000D15699 /* BrivoSampleAppUnitTests.xctest */ = {isa = PBXFileReference; explicitFileType = wrapper.cfbundle; includeInIndex = 0; path = BrivoSampleAppUnitTests.xctest; sourceTree = BUILT_PRODUCTS_DIR; };
		AFAC9DA52C4812F000D15699 /* BrivoSampleAppUnitTests.swift */ = {isa = PBXFileReference; lastKnownFileType = sourcecode.swift; path = BrivoSampleAppUnitTests.swift; sourceTree = "<group>"; };
		E09E3DC62BA1F50000B2F901 /* BrivoSampleApp.app */ = {isa = PBXFileReference; explicitFileType = wrapper.application; includeInIndex = 0; path = BrivoSampleApp.app; sourceTree = BUILT_PRODUCTS_DIR; };
		E09E3DC92BA1F50000B2F901 /* BrivoSampleAppApp.swift */ = {isa = PBXFileReference; lastKnownFileType = sourcecode.swift; path = BrivoSampleAppApp.swift; sourceTree = "<group>"; };
		E09E3DCB2BA1F50000B2F901 /* BrivoPassesView.swift */ = {isa = PBXFileReference; lastKnownFileType = sourcecode.swift; path = BrivoPassesView.swift; sourceTree = "<group>"; };
		E09E3DCD2BA1F50100B2F901 /* Assets.xcassets */ = {isa = PBXFileReference; lastKnownFileType = folder.assetcatalog; path = Assets.xcassets; sourceTree = "<group>"; };
		E09E3DD02BA1F50100B2F901 /* Preview Assets.xcassets */ = {isa = PBXFileReference; lastKnownFileType = folder.assetcatalog; path = "Preview Assets.xcassets"; sourceTree = "<group>"; };
		E09E3DDD2BA21E2900B2F901 /* Constants.swift */ = {isa = PBXFileReference; lastKnownFileType = sourcecode.swift; path = Constants.swift; sourceTree = "<group>"; };
		E09E3DDF2BA2361900B2F901 /* UnlockAccessPointView.swift */ = {isa = PBXFileReference; lastKnownFileType = sourcecode.swift; path = UnlockAccessPointView.swift; sourceTree = "<group>"; };
		E09E3DF02BA244F900B2F901 /* Info.plist */ = {isa = PBXFileReference; lastKnownFileType = text.plist; path = Info.plist; sourceTree = "<group>"; };
		E09E3DF12BA35FF100B2F901 /* AccessPointView.swift */ = {isa = PBXFileReference; lastKnownFileType = sourcecode.swift; path = AccessPointView.swift; sourceTree = "<group>"; };
/* End PBXFileReference section */

/* Begin PBXFrameworksBuildPhase section */
		AFAC9D0F2C480DA200D15699 /* Frameworks */ = {
			isa = PBXFrameworksBuildPhase;
			buildActionMask = 2147483647;
			files = (
			);
			runOnlyForDeploymentPostprocessing = 0;
		};
		AFAC9DA02C4812F000D15699 /* Frameworks */ = {
			isa = PBXFrameworksBuildPhase;
			buildActionMask = 2147483647;
			files = (
			);
			runOnlyForDeploymentPostprocessing = 0;
		};
		E09E3DC32BA1F50000B2F901 /* Frameworks */ = {
			isa = PBXFrameworksBuildPhase;
			buildActionMask = 2147483647;
			files = (
				AF0332892C4E7CD3003B28B6 /* FirebaseFunctions in Frameworks */,
				AF03327F2C4E7CD3003B28B6 /* FirebaseDatabaseSwift in Frameworks */,
				AF0332A12C4E7CD3003B28B6 /* FirebaseVertexAI-Preview in Frameworks */,
				AF03328F2C4E7CD3003B28B6 /* FirebaseInAppMessagingSwift-Beta in Frameworks */,
				AF0332952C4E7CD3003B28B6 /* FirebaseMessaging in Frameworks */,
				AF370CEA2C3D002700CF432A /* BrivoMobileSDK in Frameworks */,
				AF0332732C4E7CD3003B28B6 /* FirebaseAnalyticsWithoutAdIdSupport in Frameworks */,
				AF0332852C4E7CD3003B28B6 /* FirebaseFirestoreCombine-Community in Frameworks */,
				2F6E77282C3FD9A1001B37DC /* FirebaseCrashlytics in Frameworks */,
				AF0332932C4E7CD3003B28B6 /* FirebaseMLModelDownloader in Frameworks */,
				2F6E772A2C3FD9A6001B37DC /* FirebaseAnalytics in Frameworks */,
				AF0332792C4E7CD3003B28B6 /* FirebaseAuth in Frameworks */,
				AF0332872C4E7CD3003B28B6 /* FirebaseFirestoreSwift in Frameworks */,
				AF0332752C4E7CD3003B28B6 /* FirebaseAppCheck in Frameworks */,
				AF03326F2C4E7CD3003B28B6 /* FirebaseAnalyticsOnDeviceConversion in Frameworks */,
				AF0332972C4E7CD3003B28B6 /* FirebasePerformance in Frameworks */,
				AF03328D2C4E7CD3003B28B6 /* FirebaseInAppMessaging-Beta in Frameworks */,
				AF03328B2C4E7CD3003B28B6 /* FirebaseFunctionsCombine-Community in Frameworks */,
				AF0332712C4E7CD3003B28B6 /* FirebaseAnalyticsSwift in Frameworks */,
				AF0332912C4E7CD3003B28B6 /* FirebaseInstallations in Frameworks */,
				AF0332992C4E7CD3003B28B6 /* FirebaseRemoteConfig in Frameworks */,
				AF03329D2C4E7CD3003B28B6 /* FirebaseStorage in Frameworks */,
				AF03327D2C4E7CD3003B28B6 /* FirebaseDatabase in Frameworks */,
				AF03329F2C4E7CD3003B28B6 /* FirebaseStorageCombine-Community in Frameworks */,
				AF0332772C4E7CD3003B28B6 /* FirebaseAppDistribution-Beta in Frameworks */,
				AF03327B2C4E7CD3003B28B6 /* FirebaseAuthCombine-Community in Frameworks */,
				AF0332812C4E7CD3003B28B6 /* FirebaseDynamicLinks in Frameworks */,
				AF0332832C4E7CD3003B28B6 /* FirebaseFirestore in Frameworks */,
				AF03329B2C4E7CD3003B28B6 /* FirebaseRemoteConfigSwift in Frameworks */,
			);
			runOnlyForDeploymentPostprocessing = 0;
		};
/* End PBXFrameworksBuildPhase section */

/* Begin PBXGroup section */
		AFAC9D132C480DA200D15699 /* BrivoSampleAppUITests */ = {
			isa = PBXGroup;
			children = (
				AFAC9D6C2C4810DC00D15699 /* Pages */,
				AFAC9D832C4810DC00D15699 /* Tests */,
				AFAC9D722C4810DC00D15699 /* Utilities */,
				AFAC9D142C480DA200D15699 /* BrivoSampleAppUITests.swift */,
				AFAC9D162C480DA200D15699 /* BrivoSampleAppUITestsLaunchTests.swift */,
			);
			path = BrivoSampleAppUITests;
			sourceTree = "<group>";
		};
		AFAC9D6C2C4810DC00D15699 /* Pages */ = {
			isa = PBXGroup;
			children = (
				AFAC9D612C4810DC00D15699 /* BaseScreen.swift */,
			);
			path = Pages;
			sourceTree = "<group>";
		};
		AFAC9D6E2C4810DC00D15699 /* Configurations */ = {
			isa = PBXGroup;
			children = (
				AFAC9D6D2C4810DC00D15699 /* AutomationTestsConfiguration.swift */,
			);
			path = Configurations;
			sourceTree = "<group>";
		};
		AFAC9D702C4810DC00D15699 /* Expectations */ = {
			isa = PBXGroup;
			children = (
				AFAC9D6F2C4810DC00D15699 /* XCUIElement+.swift */,
			);
			path = Expectations;
			sourceTree = "<group>";
		};
		AFAC9D722C4810DC00D15699 /* Utilities */ = {
			isa = PBXGroup;
			children = (
				AFAC9D6E2C4810DC00D15699 /* Configurations */,
				AFAC9D702C4810DC00D15699 /* Expectations */,
				AFAC9D712C4810DC00D15699 /* WaitUtilities.swift */,
			);
			path = Utilities;
			sourceTree = "<group>";
		};
		AFAC9D762C4810DC00D15699 /* Base */ = {
			isa = PBXGroup;
			children = (
				AFAC9D752C4810DC00D15699 /* BaseTest.swift */,
			);
			path = Base;
			sourceTree = "<group>";
		};
		AFAC9D832C4810DC00D15699 /* Tests */ = {
			isa = PBXGroup;
			children = (
				AFAC9D762C4810DC00D15699 /* Base */,
			);
			path = Tests;
			sourceTree = "<group>";
		};
		AFAC9DA42C4812F000D15699 /* BrivoSampleAppUnitTests */ = {
			isa = PBXGroup;
			children = (
				AFAC9DA52C4812F000D15699 /* BrivoSampleAppUnitTests.swift */,
			);
			path = BrivoSampleAppUnitTests;
			sourceTree = "<group>";
		};
		E09E3DBD2BA1F50000B2F901 = {
			isa = PBXGroup;
			children = (
				E09E3DC82BA1F50000B2F901 /* BrivoSampleApp */,
				AFAC9D132C480DA200D15699 /* BrivoSampleAppUITests */,
				AFAC9DA42C4812F000D15699 /* BrivoSampleAppUnitTests */,
				E09E3DC72BA1F50000B2F901 /* Products */,
				E09E3DE12BA2449500B2F901 /* Frameworks */,
			);
			sourceTree = "<group>";
		};
		E09E3DC72BA1F50000B2F901 /* Products */ = {
			isa = PBXGroup;
			children = (
				E09E3DC62BA1F50000B2F901 /* BrivoSampleApp.app */,
				AFAC9D122C480DA200D15699 /* BrivoSampleAppUITests.xctest */,
				AFAC9DA32C4812F000D15699 /* BrivoSampleAppUnitTests.xctest */,
			);
			name = Products;
			sourceTree = "<group>";
		};
		E09E3DC82BA1F50000B2F901 /* BrivoSampleApp */ = {
			isa = PBXGroup;
			children = (
				AF0332A92C4FD758003B28B6 /* BrivoSampleApp.entitlements */,
				AF0332A72C4FD644003B28B6 /* GoogleService-Info.plist */,
				E09E3DF02BA244F900B2F901 /* Info.plist */,
				E09E3DC92BA1F50000B2F901 /* BrivoSampleAppApp.swift */,
				E09E3DDD2BA21E2900B2F901 /* Constants.swift */,
				E09E3DCB2BA1F50000B2F901 /* BrivoPassesView.swift */,
				E09E3DF12BA35FF100B2F901 /* AccessPointView.swift */,
				E09E3DDF2BA2361900B2F901 /* UnlockAccessPointView.swift */,
				E09E3DCD2BA1F50100B2F901 /* Assets.xcassets */,
				E09E3DCF2BA1F50100B2F901 /* Preview Content */,
			);
			path = BrivoSampleApp;
			sourceTree = "<group>";
		};
		E09E3DCF2BA1F50100B2F901 /* Preview Content */ = {
			isa = PBXGroup;
			children = (
				E09E3DD02BA1F50100B2F901 /* Preview Assets.xcassets */,
			);
			path = "Preview Content";
			sourceTree = "<group>";
		};
		E09E3DE12BA2449500B2F901 /* Frameworks */ = {
			isa = PBXGroup;
			children = (
			);
			name = Frameworks;
			sourceTree = "<group>";
		};
/* End PBXGroup section */

/* Begin PBXNativeTarget section */
		AFAC9D112C480DA200D15699 /* BrivoSampleAppUITests */ = {
			isa = PBXNativeTarget;
			buildConfigurationList = AFAC9D1C2C480DA200D15699 /* Build configuration list for PBXNativeTarget "BrivoSampleAppUITests" */;
			buildPhases = (
				AFAC9D0E2C480DA200D15699 /* Sources */,
				AFAC9D0F2C480DA200D15699 /* Frameworks */,
				AFAC9D102C480DA200D15699 /* Resources */,
			);
			buildRules = (
			);
			dependencies = (
				AFAC9D192C480DA200D15699 /* PBXTargetDependency */,
			);
			name = BrivoSampleAppUITests;
			productName = BrivoSampleAppUITests;
			productReference = AFAC9D122C480DA200D15699 /* BrivoSampleAppUITests.xctest */;
			productType = "com.apple.product-type.bundle.ui-testing";
		};
		AFAC9DA22C4812F000D15699 /* BrivoSampleAppUnitTests */ = {
			isa = PBXNativeTarget;
			buildConfigurationList = AFAC9DA92C4812F000D15699 /* Build configuration list for PBXNativeTarget "BrivoSampleAppUnitTests" */;
			buildPhases = (
				AFAC9D9F2C4812F000D15699 /* Sources */,
				AFAC9DA02C4812F000D15699 /* Frameworks */,
				AFAC9DA12C4812F000D15699 /* Resources */,
			);
			buildRules = (
			);
			dependencies = (
				AFAC9DA82C4812F000D15699 /* PBXTargetDependency */,
			);
			name = BrivoSampleAppUnitTests;
			productName = BrivoSampleAppUnitTests;
			productReference = AFAC9DA32C4812F000D15699 /* BrivoSampleAppUnitTests.xctest */;
			productType = "com.apple.product-type.bundle.unit-test";
		};
		E09E3DC52BA1F50000B2F901 /* BrivoSampleApp */ = {
			isa = PBXNativeTarget;
			buildConfigurationList = E09E3DD42BA1F50100B2F901 /* Build configuration list for PBXNativeTarget "BrivoSampleApp" */;
			buildPhases = (
				E09E3DC22BA1F50000B2F901 /* Sources */,
				E09E3DC32BA1F50000B2F901 /* Frameworks */,
				E09E3DC42BA1F50000B2F901 /* Resources */,
			);
			buildRules = (
			);
			dependencies = (
			);
			name = BrivoSampleApp;
			packageProductDependencies = (
				AF370CE92C3D002700CF432A /* BrivoMobileSDK */,
				2F6E77272C3FD9A1001B37DC /* FirebaseCrashlytics */,
				2F6E77292C3FD9A6001B37DC /* FirebaseAnalytics */,
				AF03326E2C4E7CD3003B28B6 /* FirebaseAnalyticsOnDeviceConversion */,
				AF0332702C4E7CD3003B28B6 /* FirebaseAnalyticsSwift */,
				AF0332722C4E7CD3003B28B6 /* FirebaseAnalyticsWithoutAdIdSupport */,
				AF0332742C4E7CD3003B28B6 /* FirebaseAppCheck */,
				AF0332762C4E7CD3003B28B6 /* FirebaseAppDistribution-Beta */,
				AF0332782C4E7CD3003B28B6 /* FirebaseAuth */,
				AF03327A2C4E7CD3003B28B6 /* FirebaseAuthCombine-Community */,
				AF03327C2C4E7CD3003B28B6 /* FirebaseDatabase */,
				AF03327E2C4E7CD3003B28B6 /* FirebaseDatabaseSwift */,
				AF0332802C4E7CD3003B28B6 /* FirebaseDynamicLinks */,
				AF0332822C4E7CD3003B28B6 /* FirebaseFirestore */,
				AF0332842C4E7CD3003B28B6 /* FirebaseFirestoreCombine-Community */,
				AF0332862C4E7CD3003B28B6 /* FirebaseFirestoreSwift */,
				AF0332882C4E7CD3003B28B6 /* FirebaseFunctions */,
				AF03328A2C4E7CD3003B28B6 /* FirebaseFunctionsCombine-Community */,
				AF03328C2C4E7CD3003B28B6 /* FirebaseInAppMessaging-Beta */,
				AF03328E2C4E7CD3003B28B6 /* FirebaseInAppMessagingSwift-Beta */,
				AF0332902C4E7CD3003B28B6 /* FirebaseInstallations */,
				AF0332922C4E7CD3003B28B6 /* FirebaseMLModelDownloader */,
				AF0332942C4E7CD3003B28B6 /* FirebaseMessaging */,
				AF0332962C4E7CD3003B28B6 /* FirebasePerformance */,
				AF0332982C4E7CD3003B28B6 /* FirebaseRemoteConfig */,
				AF03329A2C4E7CD3003B28B6 /* FirebaseRemoteConfigSwift */,
				AF03329C2C4E7CD3003B28B6 /* FirebaseStorage */,
				AF03329E2C4E7CD3003B28B6 /* FirebaseStorageCombine-Community */,
				AF0332A02C4E7CD3003B28B6 /* FirebaseVertexAI-Preview */,
			);
			productName = BrivoSampleApp;
			productReference = E09E3DC62BA1F50000B2F901 /* BrivoSampleApp.app */;
			productType = "com.apple.product-type.application";
		};
/* End PBXNativeTarget section */

/* Begin PBXProject section */
		E09E3DBE2BA1F50000B2F901 /* Project object */ = {
			isa = PBXProject;
			attributes = {
				BuildIndependentTargetsInParallel = 1;
				LastSwiftUpdateCheck = 1540;
				LastUpgradeCheck = 1520;
				TargetAttributes = {
					AFAC9D112C480DA200D15699 = {
						CreatedOnToolsVersion = 15.4;
						TestTargetID = E09E3DC52BA1F50000B2F901;
					};
					AFAC9DA22C4812F000D15699 = {
						CreatedOnToolsVersion = 15.4;
						TestTargetID = E09E3DC52BA1F50000B2F901;
					};
					E09E3DC52BA1F50000B2F901 = {
						CreatedOnToolsVersion = 15.2;
					};
				};
			};
			buildConfigurationList = E09E3DC12BA1F50000B2F901 /* Build configuration list for PBXProject "BrivoSampleApp" */;
			compatibilityVersion = "Xcode 14.0";
			developmentRegion = en;
			hasScannedForEncodings = 0;
			knownRegions = (
				en,
				Base,
			);
			mainGroup = E09E3DBD2BA1F50000B2F901;
			packageReferences = (
				AF370CE82C3D002700CF432A /* XCRemoteSwiftPackageReference "brivo-mobile-sdk-ios" */,
				2F6E77262C3FD984001B37DC /* XCRemoteSwiftPackageReference "firebase-ios-sdk" */,
			);
			productRefGroup = E09E3DC72BA1F50000B2F901 /* Products */;
			projectDirPath = "";
			projectRoot = "";
			targets = (
				E09E3DC52BA1F50000B2F901 /* BrivoSampleApp */,
				AFAC9D112C480DA200D15699 /* BrivoSampleAppUITests */,
				AFAC9DA22C4812F000D15699 /* BrivoSampleAppUnitTests */,
			);
		};
/* End PBXProject section */

/* Begin PBXResourcesBuildPhase section */
		AFAC9D102C480DA200D15699 /* Resources */ = {
			isa = PBXResourcesBuildPhase;
			buildActionMask = 2147483647;
			files = (
			);
			runOnlyForDeploymentPostprocessing = 0;
		};
		AFAC9DA12C4812F000D15699 /* Resources */ = {
			isa = PBXResourcesBuildPhase;
			buildActionMask = 2147483647;
			files = (
			);
			runOnlyForDeploymentPostprocessing = 0;
		};
		E09E3DC42BA1F50000B2F901 /* Resources */ = {
			isa = PBXResourcesBuildPhase;
			buildActionMask = 2147483647;
			files = (
				E09E3DD12BA1F50100B2F901 /* Preview Assets.xcassets in Resources */,
				E09E3DCE2BA1F50100B2F901 /* Assets.xcassets in Resources */,
				AF0332A82C4FD644003B28B6 /* GoogleService-Info.plist in Resources */,
			);
			runOnlyForDeploymentPostprocessing = 0;
		};
/* End PBXResourcesBuildPhase section */

/* Begin PBXSourcesBuildPhase section */
		AFAC9D0E2C480DA200D15699 /* Sources */ = {
			isa = PBXSourcesBuildPhase;
			buildActionMask = 2147483647;
			files = (
				AFAC9D152C480DA200D15699 /* BrivoSampleAppUITests.swift in Sources */,
				AFAC9D872C4810DD00D15699 /* BaseScreen.swift in Sources */,
				AFAC9D942C4810DD00D15699 /* WaitUtilities.swift in Sources */,
				AFAC9D172C480DA200D15699 /* BrivoSampleAppUITestsLaunchTests.swift in Sources */,
				AFAC9D932C4810DD00D15699 /* XCUIElement+.swift in Sources */,
				AFAC9D922C4810DD00D15699 /* AutomationTestsConfiguration.swift in Sources */,
				AFAC9D962C4810DD00D15699 /* BaseTest.swift in Sources */,
			);
			runOnlyForDeploymentPostprocessing = 0;
		};
		AFAC9D9F2C4812F000D15699 /* Sources */ = {
			isa = PBXSourcesBuildPhase;
			buildActionMask = 2147483647;
			files = (
				AFAC9DA62C4812F000D15699 /* BrivoSampleAppUnitTests.swift in Sources */,
			);
			runOnlyForDeploymentPostprocessing = 0;
		};
		E09E3DC22BA1F50000B2F901 /* Sources */ = {
			isa = PBXSourcesBuildPhase;
			buildActionMask = 2147483647;
			files = (
				E09E3DF22BA35FF100B2F901 /* AccessPointView.swift in Sources */,
				E09E3DCC2BA1F50000B2F901 /* BrivoPassesView.swift in Sources */,
				E09E3DE02BA2361900B2F901 /* UnlockAccessPointView.swift in Sources */,
				E09E3DCA2BA1F50000B2F901 /* BrivoSampleAppApp.swift in Sources */,
				E09E3DDE2BA21E2900B2F901 /* Constants.swift in Sources */,
			);
			runOnlyForDeploymentPostprocessing = 0;
		};
/* End PBXSourcesBuildPhase section */

/* Begin PBXTargetDependency section */
		AFAC9D192C480DA200D15699 /* PBXTargetDependency */ = {
			isa = PBXTargetDependency;
			target = E09E3DC52BA1F50000B2F901 /* BrivoSampleApp */;
			targetProxy = AFAC9D182C480DA200D15699 /* PBXContainerItemProxy */;
		};
		AFAC9DA82C4812F000D15699 /* PBXTargetDependency */ = {
			isa = PBXTargetDependency;
			target = E09E3DC52BA1F50000B2F901 /* BrivoSampleApp */;
			targetProxy = AFAC9DA72C4812F000D15699 /* PBXContainerItemProxy */;
		};
/* End PBXTargetDependency section */

/* Begin XCBuildConfiguration section */
		AFAC9D1A2C480DA200D15699 /* Debug */ = {
			isa = XCBuildConfiguration;
			buildSettings = {
				CODE_SIGN_STYLE = Automatic;
				CURRENT_PROJECT_VERSION = 1;
				DEVELOPMENT_TEAM = 4TS4JP8J7W;
				GENERATE_INFOPLIST_FILE = YES;
				IPHONEOS_DEPLOYMENT_TARGET = 17.0;
				MARKETING_VERSION = 1.0;
				PRODUCT_BUNDLE_IDENTIFIER = com.mihaidorhan.demoapp.BrivoSampleAppUITests;
				PRODUCT_NAME = "$(TARGET_NAME)";
				SWIFT_EMIT_LOC_STRINGS = NO;
				SWIFT_VERSION = 5.0;
				TARGETED_DEVICE_FAMILY = "1,2";
				TEST_TARGET_NAME = BrivoSampleApp;
			};
			name = Debug;
		};
		AFAC9D1B2C480DA200D15699 /* Release */ = {
			isa = XCBuildConfiguration;
			buildSettings = {
				CODE_SIGN_STYLE = Automatic;
				CURRENT_PROJECT_VERSION = 1;
				DEVELOPMENT_TEAM = 4TS4JP8J7W;
				GENERATE_INFOPLIST_FILE = YES;
				IPHONEOS_DEPLOYMENT_TARGET = 17.0;
				MARKETING_VERSION = 1.0;
				PRODUCT_BUNDLE_IDENTIFIER = com.mihaidorhan.demoapp.BrivoSampleAppUITests;
				PRODUCT_NAME = "$(TARGET_NAME)";
				SWIFT_EMIT_LOC_STRINGS = NO;
				SWIFT_VERSION = 5.0;
				TARGETED_DEVICE_FAMILY = "1,2";
				TEST_TARGET_NAME = BrivoSampleApp;
			};
			name = Release;
		};
		AFAC9DAA2C4812F000D15699 /* Debug */ = {
			isa = XCBuildConfiguration;
			buildSettings = {
				BUNDLE_LOADER = "$(TEST_HOST)";
				CODE_SIGN_STYLE = Automatic;
				CURRENT_PROJECT_VERSION = 1;
				DEVELOPMENT_TEAM = 4TS4JP8J7W;
				GENERATE_INFOPLIST_FILE = YES;
				IPHONEOS_DEPLOYMENT_TARGET = 17.0;
				MARKETING_VERSION = 1.0;
				PRODUCT_BUNDLE_IDENTIFIER = com.brivo.sdk.Sample.BrivoSampleAppUnitTests;
				PRODUCT_NAME = "$(TARGET_NAME)";
				SWIFT_EMIT_LOC_STRINGS = NO;
				SWIFT_VERSION = 5.0;
				TARGETED_DEVICE_FAMILY = "1,2";
				TEST_HOST = "$(BUILT_PRODUCTS_DIR)/BrivoSampleApp.app/$(BUNDLE_EXECUTABLE_FOLDER_PATH)/BrivoSampleApp";
			};
			name = Debug;
		};
		AFAC9DAB2C4812F000D15699 /* Release */ = {
			isa = XCBuildConfiguration;
			buildSettings = {
				BUNDLE_LOADER = "$(TEST_HOST)";
				CODE_SIGN_STYLE = Automatic;
				CURRENT_PROJECT_VERSION = 1;
				DEVELOPMENT_TEAM = 4TS4JP8J7W;
				GENERATE_INFOPLIST_FILE = YES;
				IPHONEOS_DEPLOYMENT_TARGET = 17.0;
				MARKETING_VERSION = 1.0;
				PRODUCT_BUNDLE_IDENTIFIER = com.brivo.sdk.Sample.BrivoSampleAppUnitTests;
				PRODUCT_NAME = "$(TARGET_NAME)";
				SWIFT_EMIT_LOC_STRINGS = NO;
				SWIFT_VERSION = 5.0;
				TARGETED_DEVICE_FAMILY = "1,2";
				TEST_HOST = "$(BUILT_PRODUCTS_DIR)/BrivoSampleApp.app/$(BUNDLE_EXECUTABLE_FOLDER_PATH)/BrivoSampleApp";
			};
			name = Release;
		};
		E09E3DD22BA1F50100B2F901 /* Debug */ = {
			isa = XCBuildConfiguration;
			buildSettings = {
				ALWAYS_SEARCH_USER_PATHS = NO;
				ASSETCATALOG_COMPILER_GENERATE_SWIFT_ASSET_SYMBOL_EXTENSIONS = YES;
				CLANG_ANALYZER_NONNULL = YES;
				CLANG_ANALYZER_NUMBER_OBJECT_CONVERSION = YES_AGGRESSIVE;
				CLANG_CXX_LANGUAGE_STANDARD = "gnu++20";
				CLANG_ENABLE_MODULES = YES;
				CLANG_ENABLE_OBJC_ARC = YES;
				CLANG_ENABLE_OBJC_WEAK = YES;
				CLANG_WARN_BLOCK_CAPTURE_AUTORELEASING = YES;
				CLANG_WARN_BOOL_CONVERSION = YES;
				CLANG_WARN_COMMA = YES;
				CLANG_WARN_CONSTANT_CONVERSION = YES;
				CLANG_WARN_DEPRECATED_OBJC_IMPLEMENTATIONS = YES;
				CLANG_WARN_DIRECT_OBJC_ISA_USAGE = YES_ERROR;
				CLANG_WARN_DOCUMENTATION_COMMENTS = YES;
				CLANG_WARN_EMPTY_BODY = YES;
				CLANG_WARN_ENUM_CONVERSION = YES;
				CLANG_WARN_INFINITE_RECURSION = YES;
				CLANG_WARN_INT_CONVERSION = YES;
				CLANG_WARN_NON_LITERAL_NULL_CONVERSION = YES;
				CLANG_WARN_OBJC_IMPLICIT_RETAIN_SELF = YES;
				CLANG_WARN_OBJC_LITERAL_CONVERSION = YES;
				CLANG_WARN_OBJC_ROOT_CLASS = YES_ERROR;
				CLANG_WARN_QUOTED_INCLUDE_IN_FRAMEWORK_HEADER = YES;
				CLANG_WARN_RANGE_LOOP_ANALYSIS = YES;
				CLANG_WARN_STRICT_PROTOTYPES = YES;
				CLANG_WARN_SUSPICIOUS_MOVE = YES;
				CLANG_WARN_UNGUARDED_AVAILABILITY = YES_AGGRESSIVE;
				CLANG_WARN_UNREACHABLE_CODE = YES;
				CLANG_WARN__DUPLICATE_METHOD_MATCH = YES;
				COPY_PHASE_STRIP = NO;
				DEBUG_INFORMATION_FORMAT = dwarf;
				ENABLE_STRICT_OBJC_MSGSEND = YES;
				ENABLE_TESTABILITY = YES;
				ENABLE_USER_SCRIPT_SANDBOXING = YES;
				GCC_C_LANGUAGE_STANDARD = gnu17;
				GCC_DYNAMIC_NO_PIC = NO;
				GCC_NO_COMMON_BLOCKS = YES;
				GCC_OPTIMIZATION_LEVEL = 0;
				GCC_PREPROCESSOR_DEFINITIONS = (
					"DEBUG=1",
					"$(inherited)",
				);
				GCC_WARN_64_TO_32_BIT_CONVERSION = YES;
				GCC_WARN_ABOUT_RETURN_TYPE = YES_ERROR;
				GCC_WARN_UNDECLARED_SELECTOR = YES;
				GCC_WARN_UNINITIALIZED_AUTOS = YES_AGGRESSIVE;
				GCC_WARN_UNUSED_FUNCTION = YES;
				GCC_WARN_UNUSED_VARIABLE = YES;
				IPHONEOS_DEPLOYMENT_TARGET = 17.2;
				LOCALIZATION_PREFERS_STRING_CATALOGS = YES;
				MTL_ENABLE_DEBUG_INFO = INCLUDE_SOURCE;
				MTL_FAST_MATH = YES;
				ONLY_ACTIVE_ARCH = YES;
				SDKROOT = iphoneos;
				SWIFT_ACTIVE_COMPILATION_CONDITIONS = "DEBUG_SDK $(inherited)";
				SWIFT_OPTIMIZATION_LEVEL = "-Onone";
			};
			name = Debug;
		};
		E09E3DD32BA1F50100B2F901 /* Release */ = {
			isa = XCBuildConfiguration;
			buildSettings = {
				ALWAYS_SEARCH_USER_PATHS = NO;
				ASSETCATALOG_COMPILER_GENERATE_SWIFT_ASSET_SYMBOL_EXTENSIONS = YES;
				CLANG_ANALYZER_NONNULL = YES;
				CLANG_ANALYZER_NUMBER_OBJECT_CONVERSION = YES_AGGRESSIVE;
				CLANG_CXX_LANGUAGE_STANDARD = "gnu++20";
				CLANG_ENABLE_MODULES = YES;
				CLANG_ENABLE_OBJC_ARC = YES;
				CLANG_ENABLE_OBJC_WEAK = YES;
				CLANG_WARN_BLOCK_CAPTURE_AUTORELEASING = YES;
				CLANG_WARN_BOOL_CONVERSION = YES;
				CLANG_WARN_COMMA = YES;
				CLANG_WARN_CONSTANT_CONVERSION = YES;
				CLANG_WARN_DEPRECATED_OBJC_IMPLEMENTATIONS = YES;
				CLANG_WARN_DIRECT_OBJC_ISA_USAGE = YES_ERROR;
				CLANG_WARN_DOCUMENTATION_COMMENTS = YES;
				CLANG_WARN_EMPTY_BODY = YES;
				CLANG_WARN_ENUM_CONVERSION = YES;
				CLANG_WARN_INFINITE_RECURSION = YES;
				CLANG_WARN_INT_CONVERSION = YES;
				CLANG_WARN_NON_LITERAL_NULL_CONVERSION = YES;
				CLANG_WARN_OBJC_IMPLICIT_RETAIN_SELF = YES;
				CLANG_WARN_OBJC_LITERAL_CONVERSION = YES;
				CLANG_WARN_OBJC_ROOT_CLASS = YES_ERROR;
				CLANG_WARN_QUOTED_INCLUDE_IN_FRAMEWORK_HEADER = YES;
				CLANG_WARN_RANGE_LOOP_ANALYSIS = YES;
				CLANG_WARN_STRICT_PROTOTYPES = YES;
				CLANG_WARN_SUSPICIOUS_MOVE = YES;
				CLANG_WARN_UNGUARDED_AVAILABILITY = YES_AGGRESSIVE;
				CLANG_WARN_UNREACHABLE_CODE = YES;
				CLANG_WARN__DUPLICATE_METHOD_MATCH = YES;
				COPY_PHASE_STRIP = NO;
				DEBUG_INFORMATION_FORMAT = "dwarf-with-dsym";
				ENABLE_NS_ASSERTIONS = NO;
				ENABLE_STRICT_OBJC_MSGSEND = YES;
				ENABLE_USER_SCRIPT_SANDBOXING = YES;
				GCC_C_LANGUAGE_STANDARD = gnu17;
				GCC_NO_COMMON_BLOCKS = YES;
				GCC_WARN_64_TO_32_BIT_CONVERSION = YES;
				GCC_WARN_ABOUT_RETURN_TYPE = YES_ERROR;
				GCC_WARN_UNDECLARED_SELECTOR = YES;
				GCC_WARN_UNINITIALIZED_AUTOS = YES_AGGRESSIVE;
				GCC_WARN_UNUSED_FUNCTION = YES;
				GCC_WARN_UNUSED_VARIABLE = YES;
				IPHONEOS_DEPLOYMENT_TARGET = 17.2;
				LOCALIZATION_PREFERS_STRING_CATALOGS = YES;
				MTL_ENABLE_DEBUG_INFO = NO;
				MTL_FAST_MATH = YES;
				SDKROOT = iphoneos;
				SWIFT_COMPILATION_MODE = wholemodule;
				VALIDATE_PRODUCT = YES;
			};
			name = Release;
		};
		E09E3DD52BA1F50100B2F901 /* Debug */ = {
			isa = XCBuildConfiguration;
			buildSettings = {
				ASSETCATALOG_COMPILER_APPICON_NAME = AppIcon;
				ASSETCATALOG_COMPILER_GLOBAL_ACCENT_COLOR_NAME = AccentColor;
				CODE_SIGN_ENTITLEMENTS = BrivoSampleApp/BrivoSampleApp.entitlements;
				CODE_SIGN_STYLE = Automatic;
				CURRENT_PROJECT_VERSION = 1;
				DEVELOPMENT_ASSET_PATHS = "\"BrivoSampleApp/Preview Content\"";
				DEVELOPMENT_TEAM = P675WD7PT4;
				ENABLE_PREVIEWS = YES;
				GENERATE_INFOPLIST_FILE = YES;
				INFOPLIST_FILE = BrivoSampleApp/Info.plist;
				INFOPLIST_KEY_NSBluetoothAlwaysUsageDescription = "It is used to open Bluetooth access points";
				INFOPLIST_KEY_NSBluetoothPeripheralUsageDescription = "It is used to open Bluetooth access points";
				INFOPLIST_KEY_NSFaceIDUsageDescription = "Application needs acces to FaceID in order to unlock 2FA doors";
				INFOPLIST_KEY_NSLocationAlwaysAndWhenInUseUsageDescription = "Location Services are required for Fluid Access.";
				INFOPLIST_KEY_NSLocationWhenInUseUsageDescription = "Location Services are required for Fluid Access.";
				INFOPLIST_KEY_UIApplicationSceneManifest_Generation = YES;
				INFOPLIST_KEY_UIApplicationSupportsIndirectInputEvents = YES;
				INFOPLIST_KEY_UILaunchScreen_Generation = YES;
				INFOPLIST_KEY_UISupportedInterfaceOrientations_iPad = "UIInterfaceOrientationPortrait UIInterfaceOrientationPortraitUpsideDown UIInterfaceOrientationLandscapeLeft UIInterfaceOrientationLandscapeRight";
				INFOPLIST_KEY_UISupportedInterfaceOrientations_iPhone = "UIInterfaceOrientationPortrait UIInterfaceOrientationLandscapeLeft UIInterfaceOrientationLandscapeRight";
				IPHONEOS_DEPLOYMENT_TARGET = 17.0;
				LD_RUNPATH_SEARCH_PATHS = (
					"$(inherited)",
					"@executable_path/Frameworks",
				);
				MARKETING_VERSION = 1.20.1;
				PRODUCT_BUNDLE_IDENTIFIER = com.brivo.sdk.Sample;
				PRODUCT_NAME = "$(TARGET_NAME)";
				SWIFT_ACTIVE_COMPILATION_CONDITIONS = "$(inherited)";
				SWIFT_EMIT_LOC_STRINGS = YES;
				SWIFT_VERSION = 5.0;
				TARGETED_DEVICE_FAMILY = "1,2";
			};
			name = Debug;
		};
		E09E3DD62BA1F50100B2F901 /* Release */ = {
			isa = XCBuildConfiguration;
			buildSettings = {
				ASSETCATALOG_COMPILER_APPICON_NAME = AppIcon;
				ASSETCATALOG_COMPILER_GLOBAL_ACCENT_COLOR_NAME = AccentColor;
				CODE_SIGN_ENTITLEMENTS = BrivoSampleApp/BrivoSampleApp.entitlements;
				CODE_SIGN_STYLE = Automatic;
				CURRENT_PROJECT_VERSION = 1;
				DEVELOPMENT_ASSET_PATHS = "\"BrivoSampleApp/Preview Content\"";
				DEVELOPMENT_TEAM = P675WD7PT4;
				ENABLE_PREVIEWS = YES;
				GENERATE_INFOPLIST_FILE = YES;
				INFOPLIST_FILE = BrivoSampleApp/Info.plist;
				INFOPLIST_KEY_NSBluetoothAlwaysUsageDescription = "It is used to open Bluetooth access points";
				INFOPLIST_KEY_NSBluetoothPeripheralUsageDescription = "It is used to open Bluetooth access points";
				INFOPLIST_KEY_NSFaceIDUsageDescription = "Application needs acces to FaceID in order to unlock 2FA doors";
				INFOPLIST_KEY_NSLocationAlwaysAndWhenInUseUsageDescription = "Location Services are required for Fluid Access.";
				INFOPLIST_KEY_NSLocationWhenInUseUsageDescription = "Location Services are required for Fluid Access.";
				INFOPLIST_KEY_UIApplicationSceneManifest_Generation = YES;
				INFOPLIST_KEY_UIApplicationSupportsIndirectInputEvents = YES;
				INFOPLIST_KEY_UILaunchScreen_Generation = YES;
				INFOPLIST_KEY_UISupportedInterfaceOrientations_iPad = "UIInterfaceOrientationPortrait UIInterfaceOrientationPortraitUpsideDown UIInterfaceOrientationLandscapeLeft UIInterfaceOrientationLandscapeRight";
				INFOPLIST_KEY_UISupportedInterfaceOrientations_iPhone = "UIInterfaceOrientationPortrait UIInterfaceOrientationLandscapeLeft UIInterfaceOrientationLandscapeRight";
				IPHONEOS_DEPLOYMENT_TARGET = 17.0;
				LD_RUNPATH_SEARCH_PATHS = (
					"$(inherited)",
					"@executable_path/Frameworks",
				);
				MARKETING_VERSION = 1.20.1;
				PRODUCT_BUNDLE_IDENTIFIER = com.brivo.sdk.Sample;
				PRODUCT_NAME = "$(TARGET_NAME)";
				SWIFT_EMIT_LOC_STRINGS = YES;
				SWIFT_VERSION = 5.0;
				TARGETED_DEVICE_FAMILY = "1,2";
			};
			name = Release;
		};
/* End XCBuildConfiguration section */

/* Begin XCConfigurationList section */
		AFAC9D1C2C480DA200D15699 /* Build configuration list for PBXNativeTarget "BrivoSampleAppUITests" */ = {
			isa = XCConfigurationList;
			buildConfigurations = (
				AFAC9D1A2C480DA200D15699 /* Debug */,
				AFAC9D1B2C480DA200D15699 /* Release */,
			);
			defaultConfigurationIsVisible = 0;
			defaultConfigurationName = Release;
		};
		AFAC9DA92C4812F000D15699 /* Build configuration list for PBXNativeTarget "BrivoSampleAppUnitTests" */ = {
			isa = XCConfigurationList;
			buildConfigurations = (
				AFAC9DAA2C4812F000D15699 /* Debug */,
				AFAC9DAB2C4812F000D15699 /* Release */,
			);
			defaultConfigurationIsVisible = 0;
			defaultConfigurationName = Release;
		};
		E09E3DC12BA1F50000B2F901 /* Build configuration list for PBXProject "BrivoSampleApp" */ = {
			isa = XCConfigurationList;
			buildConfigurations = (
				E09E3DD22BA1F50100B2F901 /* Debug */,
				E09E3DD32BA1F50100B2F901 /* Release */,
			);
			defaultConfigurationIsVisible = 0;
			defaultConfigurationName = Release;
		};
		E09E3DD42BA1F50100B2F901 /* Build configuration list for PBXNativeTarget "BrivoSampleApp" */ = {
			isa = XCConfigurationList;
			buildConfigurations = (
				E09E3DD52BA1F50100B2F901 /* Debug */,
				E09E3DD62BA1F50100B2F901 /* Release */,
			);
			defaultConfigurationIsVisible = 0;
			defaultConfigurationName = Release;
		};
/* End XCConfigurationList section */

/* Begin XCRemoteSwiftPackageReference section */
		2F6E77262C3FD984001B37DC /* XCRemoteSwiftPackageReference "firebase-ios-sdk" */ = {
			isa = XCRemoteSwiftPackageReference;
			repositoryURL = "https://github.com/firebase/firebase-ios-sdk.git";
			requirement = {
				kind = upToNextMajorVersion;
				minimumVersion = 10.29.0;
			};
		};
		AF370CE82C3D002700CF432A /* XCRemoteSwiftPackageReference "brivo-mobile-sdk-ios" */ = {
			isa = XCRemoteSwiftPackageReference;
			repositoryURL = "https://github.com/brivo-mobile-team/brivo-mobile-sdk-ios.git";
			requirement = {
				branch = main;
				kind = branch;
			};
		};
/* End XCRemoteSwiftPackageReference section */

/* Begin XCSwiftPackageProductDependency section */
		2F6E77272C3FD9A1001B37DC /* FirebaseCrashlytics */ = {
			isa = XCSwiftPackageProductDependency;
			package = 2F6E77262C3FD984001B37DC /* XCRemoteSwiftPackageReference "firebase-ios-sdk" */;
			productName = FirebaseCrashlytics;
		};
		2F6E77292C3FD9A6001B37DC /* FirebaseAnalytics */ = {
			isa = XCSwiftPackageProductDependency;
			package = 2F6E77262C3FD984001B37DC /* XCRemoteSwiftPackageReference "firebase-ios-sdk" */;
			productName = FirebaseAnalytics;
		};
		AF03326E2C4E7CD3003B28B6 /* FirebaseAnalyticsOnDeviceConversion */ = {
			isa = XCSwiftPackageProductDependency;
			productName = FirebaseAnalyticsOnDeviceConversion;
		};
		AF0332702C4E7CD3003B28B6 /* FirebaseAnalyticsSwift */ = {
			isa = XCSwiftPackageProductDependency;
			productName = FirebaseAnalyticsSwift;
		};
		AF0332722C4E7CD3003B28B6 /* FirebaseAnalyticsWithoutAdIdSupport */ = {
			isa = XCSwiftPackageProductDependency;
			productName = FirebaseAnalyticsWithoutAdIdSupport;
		};
		AF0332742C4E7CD3003B28B6 /* FirebaseAppCheck */ = {
			isa = XCSwiftPackageProductDependency;
			productName = FirebaseAppCheck;
		};
		AF0332762C4E7CD3003B28B6 /* FirebaseAppDistribution-Beta */ = {
			isa = XCSwiftPackageProductDependency;
			productName = "FirebaseAppDistribution-Beta";
		};
		AF0332782C4E7CD3003B28B6 /* FirebaseAuth */ = {
			isa = XCSwiftPackageProductDependency;
			productName = FirebaseAuth;
		};
		AF03327A2C4E7CD3003B28B6 /* FirebaseAuthCombine-Community */ = {
			isa = XCSwiftPackageProductDependency;
			productName = "FirebaseAuthCombine-Community";
		};
		AF03327C2C4E7CD3003B28B6 /* FirebaseDatabase */ = {
			isa = XCSwiftPackageProductDependency;
			productName = FirebaseDatabase;
		};
		AF03327E2C4E7CD3003B28B6 /* FirebaseDatabaseSwift */ = {
			isa = XCSwiftPackageProductDependency;
			productName = FirebaseDatabaseSwift;
		};
		AF0332802C4E7CD3003B28B6 /* FirebaseDynamicLinks */ = {
			isa = XCSwiftPackageProductDependency;
			productName = FirebaseDynamicLinks;
		};
		AF0332822C4E7CD3003B28B6 /* FirebaseFirestore */ = {
			isa = XCSwiftPackageProductDependency;
			productName = FirebaseFirestore;
		};
		AF0332842C4E7CD3003B28B6 /* FirebaseFirestoreCombine-Community */ = {
			isa = XCSwiftPackageProductDependency;
			productName = "FirebaseFirestoreCombine-Community";
		};
		AF0332862C4E7CD3003B28B6 /* FirebaseFirestoreSwift */ = {
			isa = XCSwiftPackageProductDependency;
			productName = FirebaseFirestoreSwift;
		};
		AF0332882C4E7CD3003B28B6 /* FirebaseFunctions */ = {
			isa = XCSwiftPackageProductDependency;
			productName = FirebaseFunctions;
		};
		AF03328A2C4E7CD3003B28B6 /* FirebaseFunctionsCombine-Community */ = {
			isa = XCSwiftPackageProductDependency;
			productName = "FirebaseFunctionsCombine-Community";
		};
		AF03328C2C4E7CD3003B28B6 /* FirebaseInAppMessaging-Beta */ = {
			isa = XCSwiftPackageProductDependency;
			productName = "FirebaseInAppMessaging-Beta";
		};
		AF03328E2C4E7CD3003B28B6 /* FirebaseInAppMessagingSwift-Beta */ = {
			isa = XCSwiftPackageProductDependency;
			productName = "FirebaseInAppMessagingSwift-Beta";
		};
		AF0332902C4E7CD3003B28B6 /* FirebaseInstallations */ = {
			isa = XCSwiftPackageProductDependency;
			productName = FirebaseInstallations;
		};
		AF0332922C4E7CD3003B28B6 /* FirebaseMLModelDownloader */ = {
			isa = XCSwiftPackageProductDependency;
			productName = FirebaseMLModelDownloader;
		};
		AF0332942C4E7CD3003B28B6 /* FirebaseMessaging */ = {
			isa = XCSwiftPackageProductDependency;
			productName = FirebaseMessaging;
		};
		AF0332962C4E7CD3003B28B6 /* FirebasePerformance */ = {
			isa = XCSwiftPackageProductDependency;
			productName = FirebasePerformance;
		};
		AF0332982C4E7CD3003B28B6 /* FirebaseRemoteConfig */ = {
			isa = XCSwiftPackageProductDependency;
			productName = FirebaseRemoteConfig;
		};
		AF03329A2C4E7CD3003B28B6 /* FirebaseRemoteConfigSwift */ = {
			isa = XCSwiftPackageProductDependency;
			productName = FirebaseRemoteConfigSwift;
		};
		AF03329C2C4E7CD3003B28B6 /* FirebaseStorage */ = {
			isa = XCSwiftPackageProductDependency;
			productName = FirebaseStorage;
		};
		AF03329E2C4E7CD3003B28B6 /* FirebaseStorageCombine-Community */ = {
			isa = XCSwiftPackageProductDependency;
			productName = "FirebaseStorageCombine-Community";
		};
		AF0332A02C4E7CD3003B28B6 /* FirebaseVertexAI-Preview */ = {
			isa = XCSwiftPackageProductDependency;
			productName = "FirebaseVertexAI-Preview";
		};
		AF370CE92C3D002700CF432A /* BrivoMobileSDK */ = {
			isa = XCSwiftPackageProductDependency;
			package = AF370CE82C3D002700CF432A /* XCRemoteSwiftPackageReference "brivo-mobile-sdk-ios" */;
			productName = BrivoMobileSDK;
		};
/* End XCSwiftPackageProductDependency section */
	};
	rootObject = E09E3DBE2BA1F50000B2F901 /* Project object */;
}
