// !$*UTF8*$!
{
	archiveVersion = 1;
	classes = {
	};
	objectVersion = 56;
	objects = {

/* Begin PBXBuildFile section */
		5D1180702CE6622500F81314 /* BrivoBLEAllegion in Frameworks */ = {isa = PBXBuildFile; productRef = 5D3344DD2CAD9B7100D97833 /* BrivoBLEAllegion */; };
		5D1180712CE6622500F81314 /* BrivoMobileSDK in Frameworks */ = {isa = PBXBuildFile; productRef = 5D3344DF2CAD9B7100D97833 /* BrivoMobileSDK */; };
		5D9E0D342DE4A25F00A49DC4 /* UserDefaultsAccessService.swift in Sources */ = {isa = PBXBuildFile; fileRef = 5D9E0D2B2DE4A25F00A49DC4 /* UserDefaultsAccessService.swift */; };
		5D9E0D352DE4A25F00A49DC4 /* AccessPointViewModel.swift in Sources */ = {isa = PBXBuildFile; fileRef = 5D9E0D212DE4A25F00A49DC4 /* AccessPointViewModel.swift */; };
		5D9E0D362DE4A25F00A49DC4 /* Toast.swift in Sources */ = {isa = PBXBuildFile; fileRef = 5D9E0D2F2DE4A25F00A49DC4 /* Toast.swift */; };
		5D9E0D372DE4A25F00A49DC4 /* BrivoPassSheet.swift in Sources */ = {isa = PBXBuildFile; fileRef = 5D9E0D242DE4A25F00A49DC4 /* BrivoPassSheet.swift */; };
		5D9E0D382DE4A25F00A49DC4 /* AccessibilityIds.swift in Sources */ = {isa = PBXBuildFile; fileRef = 5D9E0D2D2DE4A25F00A49DC4 /* AccessibilityIds.swift */; };
		5D9E0D392DE4A25F00A49DC4 /* UnlockAccessPointViewModel.swift in Sources */ = {isa = PBXBuildFile; fileRef = 5D9E0D292DE4A25F00A49DC4 /* UnlockAccessPointViewModel.swift */; };
		5D9E0D3A2DE4A25F00A49DC4 /* BrivoPassesView.swift in Sources */ = {isa = PBXBuildFile; fileRef = 5D9E0D322DE4A25F00A49DC4 /* BrivoPassesView.swift */; };
		5D9E0D3B2DE4A25F00A49DC4 /* ActivityIndicator.swift in Sources */ = {isa = PBXBuildFile; fileRef = 5D9E0D2E2DE4A25F00A49DC4 /* ActivityIndicator.swift */; };
		5D9E0D3C2DE4A25F00A49DC4 /* BrivoPassesViewModel.swift in Sources */ = {isa = PBXBuildFile; fileRef = 5D9E0D232DE4A25F00A49DC4 /* BrivoPassesViewModel.swift */; };
		5D9E0D3D2DE4A25F00A49DC4 /* View+Extensions.swift in Sources */ = {isa = PBXBuildFile; fileRef = 5D9E0D302DE4A25F00A49DC4 /* View+Extensions.swift */; };
		5D9E0D3E2DE4A25F00A49DC4 /* HIDOrigoFooterView.swift in Sources */ = {isa = PBXBuildFile; fileRef = 5D9E0D262DE4A25F00A49DC4 /* HIDOrigoFooterView.swift */; };
		5D9E0D3F2DE4A25F00A49DC4 /* UnlockAccessPointView.swift in Sources */ = {isa = PBXBuildFile; fileRef = 5D9E0D282DE4A25F00A49DC4 /* UnlockAccessPointView.swift */; };
		5D9E0D402DE4A25F00A49DC4 /* AccessPointView.swift in Sources */ = {isa = PBXBuildFile; fileRef = 5D9E0D202DE4A25F00A49DC4 /* AccessPointView.swift */; };
		C02B6A632D81CFC000E03B0F /* Configuration.swift in Sources */ = {isa = PBXBuildFile; fileRef = C02B6A622D81CFC000E03B0F /* Configuration.swift */; };
		C0717AAD2D81DF8900728779 /* BrivoSampleDevApp.swift in Sources */ = {isa = PBXBuildFile; fileRef = C0717AAC2D81DF8900728779 /* BrivoSampleDevApp.swift */; };
		C4B8833944DB08703A58A61D /* Pods_BrivoSampleApp.framework in Frameworks */ = {isa = PBXBuildFile; fileRef = C0464C66C1BAC28488006F68 /* Pods_BrivoSampleApp.framework */; };
		E09E3DCE2BA1F50100B2F901 /* Assets.xcassets in Resources */ = {isa = PBXBuildFile; fileRef = E09E3DCD2BA1F50100B2F901 /* Assets.xcassets */; };
/* End PBXBuildFile section */

/* Begin PBXFileReference section */
		4D9D8FACD8E68CA86099B4A3 /* Pods-BrivoSampleApp.release.xcconfig */ = {isa = PBXFileReference; includeInIndex = 1; lastKnownFileType = text.xcconfig; name = "Pods-BrivoSampleApp.release.xcconfig"; path = "../BrivoSampleApp/Pods/Target Support Files/Pods-BrivoSampleApp/Pods-BrivoSampleApp.release.xcconfig"; sourceTree = "<group>"; };
		4E34BCB8FB1FCBFE0FE2D9D3 /* Pods-BrivoSampleApp.debug.xcconfig */ = {isa = PBXFileReference; includeInIndex = 1; lastKnownFileType = text.xcconfig; name = "Pods-BrivoSampleApp.debug.xcconfig"; path = "../BrivoSampleApp/Pods/Target Support Files/Pods-BrivoSampleApp/Pods-BrivoSampleApp.debug.xcconfig"; sourceTree = "<group>"; };
		5D9E0D202DE4A25F00A49DC4 /* AccessPointView.swift */ = {isa = PBXFileReference; lastKnownFileType = sourcecode.swift; path = AccessPointView.swift; sourceTree = "<group>"; };
		5D9E0D212DE4A25F00A49DC4 /* AccessPointViewModel.swift */ = {isa = PBXFileReference; lastKnownFileType = sourcecode.swift; path = AccessPointViewModel.swift; sourceTree = "<group>"; };
		5D9E0D232DE4A25F00A49DC4 /* BrivoPassesViewModel.swift */ = {isa = PBXFileReference; lastKnownFileType = sourcecode.swift; path = BrivoPassesViewModel.swift; sourceTree = "<group>"; };
		5D9E0D242DE4A25F00A49DC4 /* BrivoPassSheet.swift */ = {isa = PBXFileReference; lastKnownFileType = sourcecode.swift; path = BrivoPassSheet.swift; sourceTree = "<group>"; };
		5D9E0D262DE4A25F00A49DC4 /* HIDOrigoFooterView.swift */ = {isa = PBXFileReference; lastKnownFileType = sourcecode.swift; path = HIDOrigoFooterView.swift; sourceTree = "<group>"; };
		5D9E0D282DE4A25F00A49DC4 /* UnlockAccessPointView.swift */ = {isa = PBXFileReference; lastKnownFileType = sourcecode.swift; path = UnlockAccessPointView.swift; sourceTree = "<group>"; };
		5D9E0D292DE4A25F00A49DC4 /* UnlockAccessPointViewModel.swift */ = {isa = PBXFileReference; lastKnownFileType = sourcecode.swift; path = UnlockAccessPointViewModel.swift; sourceTree = "<group>"; };
		5D9E0D2B2DE4A25F00A49DC4 /* UserDefaultsAccessService.swift */ = {isa = PBXFileReference; lastKnownFileType = sourcecode.swift; path = UserDefaultsAccessService.swift; sourceTree = "<group>"; };
		5D9E0D2D2DE4A25F00A49DC4 /* AccessibilityIds.swift */ = {isa = PBXFileReference; lastKnownFileType = sourcecode.swift; path = AccessibilityIds.swift; sourceTree = "<group>"; };
		5D9E0D2E2DE4A25F00A49DC4 /* ActivityIndicator.swift */ = {isa = PBXFileReference; lastKnownFileType = sourcecode.swift; path = ActivityIndicator.swift; sourceTree = "<group>"; };
		5D9E0D2F2DE4A25F00A49DC4 /* Toast.swift */ = {isa = PBXFileReference; lastKnownFileType = sourcecode.swift; path = Toast.swift; sourceTree = "<group>"; };
		5D9E0D302DE4A25F00A49DC4 /* View+Extensions.swift */ = {isa = PBXFileReference; lastKnownFileType = sourcecode.swift; path = "View+Extensions.swift"; sourceTree = "<group>"; };
		5D9E0D322DE4A25F00A49DC4 /* BrivoPassesView.swift */ = {isa = PBXFileReference; lastKnownFileType = sourcecode.swift; path = BrivoPassesView.swift; sourceTree = "<group>"; };
		AF0332A92C4FD758003B28B6 /* BrivoSampleApp.entitlements */ = {isa = PBXFileReference; lastKnownFileType = text.plist.entitlements; path = BrivoSampleApp.entitlements; sourceTree = "<group>"; };
		C02B6A622D81CFC000E03B0F /* Configuration.swift */ = {isa = PBXFileReference; lastKnownFileType = sourcecode.swift; path = Configuration.swift; sourceTree = "<group>"; };
		C0464C66C1BAC28488006F68 /* Pods_BrivoSampleApp.framework */ = {isa = PBXFileReference; explicitFileType = wrapper.framework; includeInIndex = 0; path = Pods_BrivoSampleApp.framework; sourceTree = BUILT_PRODUCTS_DIR; };
		C0717AAC2D81DF8900728779 /* BrivoSampleDevApp.swift */ = {isa = PBXFileReference; lastKnownFileType = sourcecode.swift; path = BrivoSampleDevApp.swift; sourceTree = "<group>"; };
		E09E3DC62BA1F50000B2F901 /* BrivoSampleApp.app */ = {isa = PBXFileReference; explicitFileType = wrapper.application; includeInIndex = 0; path = BrivoSampleApp.app; sourceTree = BUILT_PRODUCTS_DIR; };
		E09E3DCD2BA1F50100B2F901 /* Assets.xcassets */ = {isa = PBXFileReference; lastKnownFileType = folder.assetcatalog; path = Assets.xcassets; sourceTree = "<group>"; };
		E09E3DF02BA244F900B2F901 /* Info.plist */ = {isa = PBXFileReference; lastKnownFileType = text.plist; path = Info.plist; sourceTree = "<group>"; };
/* End PBXFileReference section */

/* Begin PBXFrameworksBuildPhase section */
		E09E3DC32BA1F50000B2F901 /* Frameworks */ = {
			isa = PBXFrameworksBuildPhase;
			buildActionMask = 2147483647;
			files = (
				5D1180712CE6622500F81314 /* BrivoMobileSDK in Frameworks */,
				5D1180702CE6622500F81314 /* BrivoBLEAllegion in Frameworks */,
				C4B8833944DB08703A58A61D /* Pods_BrivoSampleApp.framework in Frameworks */,
			);
			runOnlyForDeploymentPostprocessing = 0;
		};
/* End PBXFrameworksBuildPhase section */

/* Begin PBXGroup section */
		1F9792D36CBB7D89020F6F68 /* Frameworks */ = {
			isa = PBXGroup;
			children = (
				C0464C66C1BAC28488006F68 /* Pods_BrivoSampleApp.framework */,
			);
			name = Frameworks;
			sourceTree = "<group>";
		};
		2FE790762C8F33E30016ED45 /* BrivoSampleCommon */ = {
			isa = PBXGroup;
			children = (
				5D9E0D332DE4A25F00A49DC4 /* App */,
			);
			name = BrivoSampleCommon;
			path = ../../BrivoSampleCommon;
			sourceTree = "<group>";
		};
		5D9E0D222DE4A25F00A49DC4 /* AccessPointView */ = {
			isa = PBXGroup;
			children = (
				5D9E0D202DE4A25F00A49DC4 /* AccessPointView.swift */,
				5D9E0D212DE4A25F00A49DC4 /* AccessPointViewModel.swift */,
			);
			path = AccessPointView;
			sourceTree = "<group>";
		};
		5D9E0D252DE4A25F00A49DC4 /* BrivoPass */ = {
			isa = PBXGroup;
			children = (
				5D9E0D232DE4A25F00A49DC4 /* BrivoPassesViewModel.swift */,
				5D9E0D242DE4A25F00A49DC4 /* BrivoPassSheet.swift */,
			);
			path = BrivoPass;
			sourceTree = "<group>";
		};
		5D9E0D272DE4A25F00A49DC4 /* HIDOrigo */ = {
			isa = PBXGroup;
			children = (
				5D9E0D262DE4A25F00A49DC4 /* HIDOrigoFooterView.swift */,
			);
			path = HIDOrigo;
			sourceTree = "<group>";
		};
		5D9E0D2A2DE4A25F00A49DC4 /* UnlockAccessPointView */ = {
			isa = PBXGroup;
			children = (
				5D9E0D282DE4A25F00A49DC4 /* UnlockAccessPointView.swift */,
				5D9E0D292DE4A25F00A49DC4 /* UnlockAccessPointViewModel.swift */,
			);
			path = UnlockAccessPointView;
			sourceTree = "<group>";
		};
		5D9E0D2C2DE4A25F00A49DC4 /* UserDefaultsService */ = {
			isa = PBXGroup;
			children = (
				5D9E0D2B2DE4A25F00A49DC4 /* UserDefaultsAccessService.swift */,
			);
			path = UserDefaultsService;
			sourceTree = "<group>";
		};
		5D9E0D312DE4A25F00A49DC4 /* Utils */ = {
			isa = PBXGroup;
			children = (
				5D9E0D2D2DE4A25F00A49DC4 /* AccessibilityIds.swift */,
				5D9E0D2E2DE4A25F00A49DC4 /* ActivityIndicator.swift */,
				5D9E0D2F2DE4A25F00A49DC4 /* Toast.swift */,
				5D9E0D302DE4A25F00A49DC4 /* View+Extensions.swift */,
			);
			path = Utils;
			sourceTree = "<group>";
		};
		5D9E0D332DE4A25F00A49DC4 /* App */ = {
			isa = PBXGroup;
			children = (
				5D9E0D222DE4A25F00A49DC4 /* AccessPointView */,
				5D9E0D252DE4A25F00A49DC4 /* BrivoPass */,
				5D9E0D272DE4A25F00A49DC4 /* HIDOrigo */,
				5D9E0D2A2DE4A25F00A49DC4 /* UnlockAccessPointView */,
				5D9E0D2C2DE4A25F00A49DC4 /* UserDefaultsService */,
				5D9E0D312DE4A25F00A49DC4 /* Utils */,
				5D9E0D322DE4A25F00A49DC4 /* BrivoPassesView.swift */,
			);
			path = App;
			sourceTree = "<group>";
		};
		D198CDF9A27A95A328049F44 /* Pods */ = {
			isa = PBXGroup;
			children = (
				4E34BCB8FB1FCBFE0FE2D9D3 /* Pods-BrivoSampleApp.debug.xcconfig */,
				4D9D8FACD8E68CA86099B4A3 /* Pods-BrivoSampleApp.release.xcconfig */,
			);
			name = Pods;
			path = ../Pods;
			sourceTree = "<group>";
		};
		E09E3DBD2BA1F50000B2F901 = {
			isa = PBXGroup;
			children = (
				E09E3DC82BA1F50000B2F901 /* BrivoSampleApp */,
				E09E3DC72BA1F50000B2F901 /* Products */,
				D198CDF9A27A95A328049F44 /* Pods */,
				1F9792D36CBB7D89020F6F68 /* Frameworks */,
			);
			sourceTree = "<group>";
		};
		E09E3DC72BA1F50000B2F901 /* Products */ = {
			isa = PBXGroup;
			children = (
				E09E3DC62BA1F50000B2F901 /* BrivoSampleApp.app */,
			);
			name = Products;
			sourceTree = "<group>";
		};
		E09E3DC82BA1F50000B2F901 /* BrivoSampleApp */ = {
			isa = PBXGroup;
			children = (
				C0717AAC2D81DF8900728779 /* BrivoSampleDevApp.swift */,
				C02B6A622D81CFC000E03B0F /* Configuration.swift */,
				2FE790762C8F33E30016ED45 /* BrivoSampleCommon */,
				AF0332A92C4FD758003B28B6 /* BrivoSampleApp.entitlements */,
				E09E3DF02BA244F900B2F901 /* Info.plist */,
				E09E3DCD2BA1F50100B2F901 /* Assets.xcassets */,
			);
			path = BrivoSampleApp;
			sourceTree = "<group>";
		};
/* End PBXGroup section */

/* Begin PBXNativeTarget section */
		E09E3DC52BA1F50000B2F901 /* BrivoSampleApp */ = {
			isa = PBXNativeTarget;
			buildConfigurationList = E09E3DD42BA1F50100B2F901 /* Build configuration list for PBXNativeTarget "BrivoSampleApp" */;
			buildPhases = (
				27127FEDF03BC43E1FAF0397 /* [CP] Check Pods Manifest.lock */,
				E09E3DC22BA1F50000B2F901 /* Sources */,
				E09E3DC32BA1F50000B2F901 /* Frameworks */,
				E09E3DC42BA1F50000B2F901 /* Resources */,
				CB53BD90491F321CF6FC0DFC /* [CP] Embed Pods Frameworks */,
				C63A8A340700E96B8902DF95 /* [CP] Copy Pods Resources */,
			);
			buildRules = (
			);
			dependencies = (
			);
			name = BrivoSampleApp;
			packageProductDependencies = (
				5D3344DD2CAD9B7100D97833 /* BrivoBLEAllegion */,
				5D3344DF2CAD9B7100D97833 /* BrivoMobileSDK */,
			);
			productName = BrivoSampleApp;
			productReference = E09E3DC62BA1F50000B2F901 /* BrivoSampleApp.app */;
			productType = "com.apple.product-type.application";
		};
/* End PBXNativeTarget section */

/* Begin PBXProject section */
		E09E3DBE2BA1F50000B2F901 /* Project object */ = {
			isa = PBXProject;
			attributes = {
				BuildIndependentTargetsInParallel = 1;
				LastSwiftUpdateCheck = 1540;
				LastUpgradeCheck = 1520;
				TargetAttributes = {
					E09E3DC52BA1F50000B2F901 = {
						CreatedOnToolsVersion = 15.2;
					};
				};
			};
			buildConfigurationList = E09E3DC12BA1F50000B2F901 /* Build configuration list for PBXProject "BrivoSampleApp" */;
			compatibilityVersion = "Xcode 14.0";
			developmentRegion = en;
			hasScannedForEncodings = 0;
			knownRegions = (
				en,
				Base,
			);
			mainGroup = E09E3DBD2BA1F50000B2F901;
			packageReferences = (
				5D3344DC2CAD9B7100D97833 /* XCRemoteSwiftPackageReference "brivo-mobile-sdk-ios" */,
			);
			productRefGroup = E09E3DC72BA1F50000B2F901 /* Products */;
			projectDirPath = "";
			projectRoot = "";
			targets = (
				E09E3DC52BA1F50000B2F901 /* BrivoSampleApp */,
			);
		};
/* End PBXProject section */

/* Begin PBXResourcesBuildPhase section */
		E09E3DC42BA1F50000B2F901 /* Resources */ = {
			isa = PBXResourcesBuildPhase;
			buildActionMask = 2147483647;
			files = (
				E09E3DCE2BA1F50100B2F901 /* Assets.xcassets in Resources */,
			);
			runOnlyForDeploymentPostprocessing = 0;
		};
/* End PBXResourcesBuildPhase section */

/* Begin PBXShellScriptBuildPhase section */
		27127FEDF03BC43E1FAF0397 /* [CP] Check Pods Manifest.lock */ = {
			isa = PBXShellScriptBuildPhase;
			buildActionMask = 2147483647;
			files = (
			);
			inputFileListPaths = (
			);
			inputPaths = (
				"${PODS_PODFILE_DIR_PATH}/Podfile.lock",
				"${PODS_ROOT}/Manifest.lock",
			);
			name = "[CP] Check Pods Manifest.lock";
			outputFileListPaths = (
			);
			outputPaths = (
				"$(DERIVED_FILE_DIR)/Pods-BrivoSampleApp-checkManifestLockResult.txt",
			);
			runOnlyForDeploymentPostprocessing = 0;
			shellPath = /bin/sh;
			shellScript = "diff \"${PODS_PODFILE_DIR_PATH}/Podfile.lock\" \"${PODS_ROOT}/Manifest.lock\" > /dev/null\nif [ $? != 0 ] ; then\n    # print error to STDERR\n    echo \"error: The sandbox is not in sync with the Podfile.lock. Run 'pod install' or update your CocoaPods installation.\" >&2\n    exit 1\nfi\n# This output is used by Xcode 'outputs' to avoid re-running this script phase.\necho \"SUCCESS\" > \"${SCRIPT_OUTPUT_FILE_0}\"\n";
			showEnvVarsInLog = 0;
		};
		C63A8A340700E96B8902DF95 /* [CP] Copy Pods Resources */ = {
			isa = PBXShellScriptBuildPhase;
			buildActionMask = 2147483647;
			files = (
			);
			inputFileListPaths = (
				"${PODS_ROOT}/Target Support Files/Pods-BrivoSampleApp/Pods-BrivoSampleApp-resources-${CONFIGURATION}-input-files.xcfilelist",
			);
			name = "[CP] Copy Pods Resources";
			outputFileListPaths = (
				"${PODS_ROOT}/Target Support Files/Pods-BrivoSampleApp/Pods-BrivoSampleApp-resources-${CONFIGURATION}-output-files.xcfilelist",
			);
			runOnlyForDeploymentPostprocessing = 0;
			shellPath = /bin/sh;
			shellScript = "\"${PODS_ROOT}/Target Support Files/Pods-BrivoSampleApp/Pods-BrivoSampleApp-resources.sh\"\n";
			showEnvVarsInLog = 0;
		};
		CB53BD90491F321CF6FC0DFC /* [CP] Embed Pods Frameworks */ = {
			isa = PBXShellScriptBuildPhase;
			buildActionMask = 2147483647;
			files = (
			);
			inputFileListPaths = (
				"${PODS_ROOT}/Target Support Files/Pods-BrivoSampleApp/Pods-BrivoSampleApp-frameworks-${CONFIGURATION}-input-files.xcfilelist",
			);
			name = "[CP] Embed Pods Frameworks";
			outputFileListPaths = (
				"${PODS_ROOT}/Target Support Files/Pods-BrivoSampleApp/Pods-BrivoSampleApp-frameworks-${CONFIGURATION}-output-files.xcfilelist",
			);
			runOnlyForDeploymentPostprocessing = 0;
			shellPath = /bin/sh;
			shellScript = "\"${PODS_ROOT}/Target Support Files/Pods-BrivoSampleApp/Pods-BrivoSampleApp-frameworks.sh\"\n";
			showEnvVarsInLog = 0;
		};
/* End PBXShellScriptBuildPhase section */

/* Begin PBXSourcesBuildPhase section */
		E09E3DC22BA1F50000B2F901 /* Sources */ = {
			isa = PBXSourcesBuildPhase;
			buildActionMask = 2147483647;
			files = (
				C0717AAD2D81DF8900728779 /* BrivoSampleDevApp.swift in Sources */,
				C02B6A632D81CFC000E03B0F /* Configuration.swift in Sources */,
				5D9E0D342DE4A25F00A49DC4 /* UserDefaultsAccessService.swift in Sources */,
				5D9E0D352DE4A25F00A49DC4 /* AccessPointViewModel.swift in Sources */,
				5D9E0D362DE4A25F00A49DC4 /* Toast.swift in Sources */,
				5D9E0D372DE4A25F00A49DC4 /* BrivoPassSheet.swift in Sources */,
				5D9E0D382DE4A25F00A49DC4 /* AccessibilityIds.swift in Sources */,
				5D9E0D392DE4A25F00A49DC4 /* UnlockAccessPointViewModel.swift in Sources */,
				5D9E0D3A2DE4A25F00A49DC4 /* BrivoPassesView.swift in Sources */,
				5D9E0D3B2DE4A25F00A49DC4 /* ActivityIndicator.swift in Sources */,
				5D9E0D3C2DE4A25F00A49DC4 /* BrivoPassesViewModel.swift in Sources */,
				5D9E0D3D2DE4A25F00A49DC4 /* View+Extensions.swift in Sources */,
				5D9E0D3E2DE4A25F00A49DC4 /* HIDOrigoFooterView.swift in Sources */,
				5D9E0D3F2DE4A25F00A49DC4 /* UnlockAccessPointView.swift in Sources */,
				5D9E0D402DE4A25F00A49DC4 /* AccessPointView.swift in Sources */,
			);
			runOnlyForDeploymentPostprocessing = 0;
		};
/* End PBXSourcesBuildPhase section */

/* Begin XCBuildConfiguration section */
		E09E3DD22BA1F50100B2F901 /* Debug */ = {
			isa = XCBuildConfiguration;
			buildSettings = {
				ALWAYS_SEARCH_USER_PATHS = NO;
				ASSETCATALOG_COMPILER_GENERATE_SWIFT_ASSET_SYMBOL_EXTENSIONS = YES;
				CLANG_ANALYZER_NONNULL = YES;
				CLANG_ANALYZER_NUMBER_OBJECT_CONVERSION = YES_AGGRESSIVE;
				CLANG_CXX_LANGUAGE_STANDARD = "gnu++20";
				CLANG_ENABLE_MODULES = YES;
				CLANG_ENABLE_OBJC_ARC = YES;
				CLANG_ENABLE_OBJC_WEAK = YES;
				CLANG_WARN_BLOCK_CAPTURE_AUTORELEASING = YES;
				CLANG_WARN_BOOL_CONVERSION = YES;
				CLANG_WARN_COMMA = YES;
				CLANG_WARN_CONSTANT_CONVERSION = YES;
				CLANG_WARN_DEPRECATED_OBJC_IMPLEMENTATIONS = YES;
				CLANG_WARN_DIRECT_OBJC_ISA_USAGE = YES_ERROR;
				CLANG_WARN_DOCUMENTATION_COMMENTS = YES;
				CLANG_WARN_EMPTY_BODY = YES;
				CLANG_WARN_ENUM_CONVERSION = YES;
				CLANG_WARN_INFINITE_RECURSION = YES;
				CLANG_WARN_INT_CONVERSION = YES;
				CLANG_WARN_NON_LITERAL_NULL_CONVERSION = YES;
				CLANG_WARN_OBJC_IMPLICIT_RETAIN_SELF = YES;
				CLANG_WARN_OBJC_LITERAL_CONVERSION = YES;
				CLANG_WARN_OBJC_ROOT_CLASS = YES_ERROR;
				CLANG_WARN_QUOTED_INCLUDE_IN_FRAMEWORK_HEADER = YES;
				CLANG_WARN_RANGE_LOOP_ANALYSIS = YES;
				CLANG_WARN_STRICT_PROTOTYPES = YES;
				CLANG_WARN_SUSPICIOUS_MOVE = YES;
				CLANG_WARN_UNGUARDED_AVAILABILITY = YES_AGGRESSIVE;
				CLANG_WARN_UNREACHABLE_CODE = YES;
				CLANG_WARN__DUPLICATE_METHOD_MATCH = YES;
				COPY_PHASE_STRIP = NO;
				DEBUG_INFORMATION_FORMAT = dwarf;
				ENABLE_STRICT_OBJC_MSGSEND = YES;
				ENABLE_TESTABILITY = YES;
				ENABLE_USER_SCRIPT_SANDBOXING = YES;
				GCC_C_LANGUAGE_STANDARD = gnu17;
				GCC_DYNAMIC_NO_PIC = NO;
				GCC_NO_COMMON_BLOCKS = YES;
				GCC_OPTIMIZATION_LEVEL = 0;
				GCC_PREPROCESSOR_DEFINITIONS = (
					"DEBUG=1",
					"$(inherited)",
				);
				GCC_WARN_64_TO_32_BIT_CONVERSION = YES;
				GCC_WARN_ABOUT_RETURN_TYPE = YES_ERROR;
				GCC_WARN_UNDECLARED_SELECTOR = YES;
				GCC_WARN_UNINITIALIZED_AUTOS = YES_AGGRESSIVE;
				GCC_WARN_UNUSED_FUNCTION = YES;
				GCC_WARN_UNUSED_VARIABLE = YES;
				IPHONEOS_DEPLOYMENT_TARGET = 17.0;
				LOCALIZATION_PREFERS_STRING_CATALOGS = YES;
				MTL_ENABLE_DEBUG_INFO = INCLUDE_SOURCE;
				MTL_FAST_MATH = YES;
				ONLY_ACTIVE_ARCH = YES;
				SDKROOT = iphoneos;
				SWIFT_ACTIVE_COMPILATION_CONDITIONS = "DEBUG $(inherited)";
				SWIFT_OPTIMIZATION_LEVEL = "-Onone";
			};
			name = Debug;
		};
		E09E3DD32BA1F50100B2F901 /* Release */ = {
			isa = XCBuildConfiguration;
			buildSettings = {
				ALWAYS_SEARCH_USER_PATHS = NO;
				ASSETCATALOG_COMPILER_GENERATE_SWIFT_ASSET_SYMBOL_EXTENSIONS = YES;
				CLANG_ANALYZER_NONNULL = YES;
				CLANG_ANALYZER_NUMBER_OBJECT_CONVERSION = YES_AGGRESSIVE;
				CLANG_CXX_LANGUAGE_STANDARD = "gnu++20";
				CLANG_ENABLE_MODULES = YES;
				CLANG_ENABLE_OBJC_ARC = YES;
				CLANG_ENABLE_OBJC_WEAK = YES;
				CLANG_WARN_BLOCK_CAPTURE_AUTORELEASING = YES;
				CLANG_WARN_BOOL_CONVERSION = YES;
				CLANG_WARN_COMMA = YES;
				CLANG_WARN_CONSTANT_CONVERSION = YES;
				CLANG_WARN_DEPRECATED_OBJC_IMPLEMENTATIONS = YES;
				CLANG_WARN_DIRECT_OBJC_ISA_USAGE = YES_ERROR;
				CLANG_WARN_DOCUMENTATION_COMMENTS = YES;
				CLANG_WARN_EMPTY_BODY = YES;
				CLANG_WARN_ENUM_CONVERSION = YES;
				CLANG_WARN_INFINITE_RECURSION = YES;
				CLANG_WARN_INT_CONVERSION = YES;
				CLANG_WARN_NON_LITERAL_NULL_CONVERSION = YES;
				CLANG_WARN_OBJC_IMPLICIT_RETAIN_SELF = YES;
				CLANG_WARN_OBJC_LITERAL_CONVERSION = YES;
				CLANG_WARN_OBJC_ROOT_CLASS = YES_ERROR;
				CLANG_WARN_QUOTED_INCLUDE_IN_FRAMEWORK_HEADER = YES;
				CLANG_WARN_RANGE_LOOP_ANALYSIS = YES;
				CLANG_WARN_STRICT_PROTOTYPES = YES;
				CLANG_WARN_SUSPICIOUS_MOVE = YES;
				CLANG_WARN_UNGUARDED_AVAILABILITY = YES_AGGRESSIVE;
				CLANG_WARN_UNREACHABLE_CODE = YES;
				CLANG_WARN__DUPLICATE_METHOD_MATCH = YES;
				COPY_PHASE_STRIP = NO;
				DEBUG_INFORMATION_FORMAT = "dwarf-with-dsym";
				ENABLE_NS_ASSERTIONS = NO;
				ENABLE_STRICT_OBJC_MSGSEND = YES;
				ENABLE_USER_SCRIPT_SANDBOXING = YES;
				GCC_C_LANGUAGE_STANDARD = gnu17;
				GCC_NO_COMMON_BLOCKS = YES;
				GCC_WARN_64_TO_32_BIT_CONVERSION = YES;
				GCC_WARN_ABOUT_RETURN_TYPE = YES_ERROR;
				GCC_WARN_UNDECLARED_SELECTOR = YES;
				GCC_WARN_UNINITIALIZED_AUTOS = YES_AGGRESSIVE;
				GCC_WARN_UNUSED_FUNCTION = YES;
				GCC_WARN_UNUSED_VARIABLE = YES;
				IPHONEOS_DEPLOYMENT_TARGET = 17.0;
				LOCALIZATION_PREFERS_STRING_CATALOGS = YES;
				MTL_ENABLE_DEBUG_INFO = NO;
				MTL_FAST_MATH = YES;
				SDKROOT = iphoneos;
				SWIFT_COMPILATION_MODE = wholemodule;
				VALIDATE_PRODUCT = YES;
			};
			name = Release;
		};
		E09E3DD52BA1F50100B2F901 /* Debug */ = {
			isa = XCBuildConfiguration;
			baseConfigurationReference = 4E34BCB8FB1FCBFE0FE2D9D3 /* Pods-BrivoSampleApp.debug.xcconfig */;
			buildSettings = {
				ASSETCATALOG_COMPILER_APPICON_NAME = AppIcon;
				ASSETCATALOG_COMPILER_GLOBAL_ACCENT_COLOR_NAME = AccentColor;
				CODE_SIGN_ENTITLEMENTS = BrivoSampleApp/BrivoSampleApp.entitlements;
				CODE_SIGN_STYLE = Automatic;
				CURRENT_PROJECT_VERSION = 1;
				DEBUG_INFORMATION_FORMAT = "dwarf-with-dsym";
				DEVELOPMENT_TEAM = P675WD7PT4;
				ENABLE_PREVIEWS = YES;
				ENABLE_USER_SCRIPT_SANDBOXING = NO;
				GENERATE_INFOPLIST_FILE = YES;
				INFOPLIST_FILE = BrivoSampleApp/Info.plist;
				INFOPLIST_KEY_NSBluetoothAlwaysUsageDescription = "It is used to open Bluetooth access points";
				INFOPLIST_KEY_NSBluetoothPeripheralUsageDescription = "It is used to open Bluetooth access points";
				INFOPLIST_KEY_NSFaceIDUsageDescription = "Application needs acces to FaceID in order to unlock 2FA doors";
				INFOPLIST_KEY_NSLocationAlwaysAndWhenInUseUsageDescription = "Location Services are required for Fluid Access.";
				INFOPLIST_KEY_NSLocationWhenInUseUsageDescription = "Location Services are required for Fluid Access.";
				INFOPLIST_KEY_UIApplicationSceneManifest_Generation = YES;
				INFOPLIST_KEY_UIApplicationSupportsIndirectInputEvents = YES;
				INFOPLIST_KEY_UILaunchScreen_Generation = YES;
				INFOPLIST_KEY_UISupportedInterfaceOrientations_iPad = "UIInterfaceOrientationPortrait UIInterfaceOrientationPortraitUpsideDown UIInterfaceOrientationLandscapeLeft UIInterfaceOrientationLandscapeRight";
				INFOPLIST_KEY_UISupportedInterfaceOrientations_iPhone = "UIInterfaceOrientationPortrait UIInterfaceOrientationLandscapeLeft UIInterfaceOrientationLandscapeRight";
				IPHONEOS_DEPLOYMENT_TARGET = 16.0;
				LD_RUNPATH_SEARCH_PATHS = (
					"$(inherited)",
					"@executable_path/Frameworks",
				);
				MARKETING_VERSION = 2.4.1;
				PRODUCT_BUNDLE_IDENTIFIER = com.brivo.sdk.Sample;
				PRODUCT_NAME = "$(TARGET_NAME)";
				SWIFT_ACTIVE_COMPILATION_CONDITIONS = "$(inherited)";
				SWIFT_EMIT_LOC_STRINGS = YES;
				SWIFT_VERSION = 5.0;
				TARGETED_DEVICE_FAMILY = "1,2";
			};
			name = Debug;
		};
		E09E3DD62BA1F50100B2F901 /* Release */ = {
			isa = XCBuildConfiguration;
			baseConfigurationReference = 4D9D8FACD8E68CA86099B4A3 /* Pods-BrivoSampleApp.release.xcconfig */;
			buildSettings = {
				ASSETCATALOG_COMPILER_APPICON_NAME = AppIcon;
				ASSETCATALOG_COMPILER_GLOBAL_ACCENT_COLOR_NAME = AccentColor;
				CODE_SIGN_ENTITLEMENTS = BrivoSampleApp/BrivoSampleApp.entitlements;
				CODE_SIGN_STYLE = Automatic;
				CURRENT_PROJECT_VERSION = 1;
				DEBUG_INFORMATION_FORMAT = "dwarf-with-dsym";
				DEVELOPMENT_TEAM = P675WD7PT4;
				ENABLE_PREVIEWS = YES;
				ENABLE_USER_SCRIPT_SANDBOXING = NO;
				GENERATE_INFOPLIST_FILE = YES;
				INFOPLIST_FILE = BrivoSampleApp/Info.plist;
				INFOPLIST_KEY_NSBluetoothAlwaysUsageDescription = "It is used to open Bluetooth access points";
				INFOPLIST_KEY_NSBluetoothPeripheralUsageDescription = "It is used to open Bluetooth access points";
				INFOPLIST_KEY_NSFaceIDUsageDescription = "Application needs acces to FaceID in order to unlock 2FA doors";
				INFOPLIST_KEY_NSLocationAlwaysAndWhenInUseUsageDescription = "Location Services are required for Fluid Access.";
				INFOPLIST_KEY_NSLocationWhenInUseUsageDescription = "Location Services are required for Fluid Access.";
				INFOPLIST_KEY_UIApplicationSceneManifest_Generation = YES;
				INFOPLIST_KEY_UIApplicationSupportsIndirectInputEvents = YES;
				INFOPLIST_KEY_UILaunchScreen_Generation = YES;
				INFOPLIST_KEY_UISupportedInterfaceOrientations_iPad = "UIInterfaceOrientationPortrait UIInterfaceOrientationPortraitUpsideDown UIInterfaceOrientationLandscapeLeft UIInterfaceOrientationLandscapeRight";
				INFOPLIST_KEY_UISupportedInterfaceOrientations_iPhone = "UIInterfaceOrientationPortrait UIInterfaceOrientationLandscapeLeft UIInterfaceOrientationLandscapeRight";
				IPHONEOS_DEPLOYMENT_TARGET = 16.0;
				LD_RUNPATH_SEARCH_PATHS = (
					"$(inherited)",
					"@executable_path/Frameworks",
				);
				MARKETING_VERSION = 2.4.1;
				PRODUCT_BUNDLE_IDENTIFIER = com.brivo.sdk.Sample;
				PRODUCT_NAME = "$(TARGET_NAME)";
				SWIFT_EMIT_LOC_STRINGS = YES;
				SWIFT_VERSION = 5.0;
				TARGETED_DEVICE_FAMILY = "1,2";
			};
			name = Release;
		};
/* End XCBuildConfiguration section */

/* Begin XCConfigurationList section */
		E09E3DC12BA1F50000B2F901 /* Build configuration list for PBXProject "BrivoSampleApp" */ = {
			isa = XCConfigurationList;
			buildConfigurations = (
				E09E3DD22BA1F50100B2F901 /* Debug */,
				E09E3DD32BA1F50100B2F901 /* Release */,
			);
			defaultConfigurationIsVisible = 0;
			defaultConfigurationName = Release;
		};
		E09E3DD42BA1F50100B2F901 /* Build configuration list for PBXNativeTarget "BrivoSampleApp" */ = {
			isa = XCConfigurationList;
			buildConfigurations = (
				E09E3DD52BA1F50100B2F901 /* Debug */,
				E09E3DD62BA1F50100B2F901 /* Release */,
			);
			defaultConfigurationIsVisible = 0;
			defaultConfigurationName = Release;
		};
/* End XCConfigurationList section */

/* Begin XCRemoteSwiftPackageReference section */
		5D3344DC2CAD9B7100D97833 /* XCRemoteSwiftPackageReference "brivo-mobile-sdk-ios" */ = {
			isa = XCRemoteSwiftPackageReference;
			repositoryURL = "https://github.com/brivo-mobile-team/brivo-mobile-sdk-ios";
			requirement = {
				kind = exactVersion;
				version = 2.4.1;
			};
		};
/* End XCRemoteSwiftPackageReference section */

/* Begin XCSwiftPackageProductDependency section */
		5D3344DD2CAD9B7100D97833 /* BrivoBLEAllegion */ = {
			isa = XCSwiftPackageProductDependency;
			package = 5D3344DC2CAD9B7100D97833 /* XCRemoteSwiftPackageReference "brivo-mobile-sdk-ios" */;
			productName = BrivoBLEAllegion;
		};
		5D3344DF2CAD9B7100D97833 /* BrivoMobileSDK */ = {
			isa = XCSwiftPackageProductDependency;
			package = 5D3344DC2CAD9B7100D97833 /* XCRemoteSwiftPackageReference "brivo-mobile-sdk-ios" */;
			productName = BrivoMobileSDK;
		};
/* End XCSwiftPackageProductDependency section */
	};
	rootObject = E09E3DBE2BA1F50000B2F901 /* Project object */;
}
